// !$*UTF8*$!
{
	archiveVersion = 1;
	classes = {
	};
	objectVersion = 48;
	objects = {

/* Begin PBXBuildFile section */
		459F3A38ADAC14D4BC878D3F /* Tabbar.storyboard in Resources */ = {isa = PBXBuildFile; fileRef = 703820AA48BFBC3952BAF27F /* Tabbar.storyboard */; };
		4AD3466AEC8298535FAB608B /* TabbarViewController.swift in Sources */ = {isa = PBXBuildFile; fileRef = D2EC9E0581A8C922552127DA /* TabbarViewController.swift */; };
		69109B7ED7F9C4C39833D1E2 /* TabbarAssembly.swift in Sources */ = {isa = PBXBuildFile; fileRef = BD71BC3452D9A09ED9918D00 /* TabbarAssembly.swift */; };
		6B723029CC35C3CB27F2D93D /* NavigationService+Tabbar.swift in Sources */ = {isa = PBXBuildFile; fileRef = 480FE36D34E2381D13EE2A37 /* NavigationService+Tabbar.swift */; };
		91FC409F3BADB87DF0ABE2D7 /* Pods_TestAppRahmet.framework in Frameworks */ = {isa = PBXBuildFile; fileRef = A2611E443AB6F3AF4A917699 /* Pods_TestAppRahmet.framework */; };
		9D0F5E562B214852CA8E54E8 /* TabbarViewModel.swift in Sources */ = {isa = PBXBuildFile; fileRef = A5F7DBD2E140502B558D1F50 /* TabbarViewModel.swift */; };
		ED8B666C2206091300CAE528 /* UIViewController.swift in Sources */ = {isa = PBXBuildFile; fileRef = ED8B666B2206091300CAE528 /* UIViewController.swift */; };
		ED8B6670220610E000CAE528 /* Transport.swift in Sources */ = {isa = PBXBuildFile; fileRef = ED8B666F220610E000CAE528 /* Transport.swift */; };
		ED8B66722206112A00CAE528 /* Serializer.swift in Sources */ = {isa = PBXBuildFile; fileRef = ED8B66712206112A00CAE528 /* Serializer.swift */; };
		ED8B66752206116900CAE528 /* NetworkError.swift in Sources */ = {isa = PBXBuildFile; fileRef = ED8B66742206116900CAE528 /* NetworkError.swift */; };
		ED8B6678220611FB00CAE528 /* Rx+Alamofire.swift in Sources */ = {isa = PBXBuildFile; fileRef = ED8B6677220611FB00CAE528 /* Rx+Alamofire.swift */; };
		ED8B667B220612B200CAE528 /* BitcoinHistory.swift in Sources */ = {isa = PBXBuildFile; fileRef = ED8B667A220612B200CAE528 /* BitcoinHistory.swift */; };
		ED8B667D2206132600CAE528 /* BitcoinTime.swift in Sources */ = {isa = PBXBuildFile; fileRef = ED8B667C2206132600CAE528 /* BitcoinTime.swift */; };
		ED8B66802206190400CAE528 /* BaseRouter.swift in Sources */ = {isa = PBXBuildFile; fileRef = ED8B667F2206190400CAE528 /* BaseRouter.swift */; };
		ED8B66822206196300CAE528 /* BitcoinRouter.swift in Sources */ = {isa = PBXBuildFile; fileRef = ED8B66812206196300CAE528 /* BitcoinRouter.swift */; };
		EDFE496322059135005FD029 /* AppDelegate.swift in Sources */ = {isa = PBXBuildFile; fileRef = EDFE496222059135005FD029 /* AppDelegate.swift */; };
		EDFE496A22059137005FD029 /* Assets.xcassets in Resources */ = {isa = PBXBuildFile; fileRef = EDFE496922059137005FD029 /* Assets.xcassets */; };
		EDFE496D22059137005FD029 /* LaunchScreen.storyboard in Resources */ = {isa = PBXBuildFile; fileRef = EDFE496B22059137005FD029 /* LaunchScreen.storyboard */; };
		EDFE4976220601E7005FD029 /* NavigationService.swift in Sources */ = {isa = PBXBuildFile; fileRef = EDFE4975220601E7005FD029 /* NavigationService.swift */; };
		EDFE497922060271005FD029 /* UIStoryboard+Extensions.swift in Sources */ = {isa = PBXBuildFile; fileRef = EDFE497822060271005FD029 /* UIStoryboard+Extensions.swift */; };
		EDFE497B22060305005FD029 /* String+Extensions.swift in Sources */ = {isa = PBXBuildFile; fileRef = EDFE497A22060305005FD029 /* String+Extensions.swift */; };
		EDFE498022060400005FD029 /* ConfigurableController.swift in Sources */ = {isa = PBXBuildFile; fileRef = EDFE497F22060400005FD029 /* ConfigurableController.swift */; };
		EDFE49842206044A005FD029 /* UIWindow+Extensions.swift in Sources */ = {isa = PBXBuildFile; fileRef = EDFE49832206044A005FD029 /* UIWindow+Extensions.swift */; };
		EDFE4986220605C7005FD029 /* StoryboardIdentifierProtocol.swift in Sources */ = {isa = PBXBuildFile; fileRef = EDFE4985220605C7005FD029 /* StoryboardIdentifierProtocol.swift */; };
/* End PBXBuildFile section */

/* Begin PBXFileReference section */
		480FE36D34E2381D13EE2A37 /* NavigationService+Tabbar.swift */ = {isa = PBXFileReference; includeInIndex = 1; lastKnownFileType = sourcecode.swift; path = "NavigationService+Tabbar.swift"; sourceTree = "<group>"; };
		703820AA48BFBC3952BAF27F /* Tabbar.storyboard */ = {isa = PBXFileReference; includeInIndex = 1; lastKnownFileType = file.storyboard; path = Tabbar.storyboard; sourceTree = "<group>"; };
		76050685E98E8588084B705F /* Pods-TestAppRahmet.debug.xcconfig */ = {isa = PBXFileReference; includeInIndex = 1; lastKnownFileType = text.xcconfig; name = "Pods-TestAppRahmet.debug.xcconfig"; path = "Pods/Target Support Files/Pods-TestAppRahmet/Pods-TestAppRahmet.debug.xcconfig"; sourceTree = "<group>"; };
		A2611E443AB6F3AF4A917699 /* Pods_TestAppRahmet.framework */ = {isa = PBXFileReference; explicitFileType = wrapper.framework; includeInIndex = 0; path = Pods_TestAppRahmet.framework; sourceTree = BUILT_PRODUCTS_DIR; };
		A5F7DBD2E140502B558D1F50 /* TabbarViewModel.swift */ = {isa = PBXFileReference; includeInIndex = 1; lastKnownFileType = sourcecode.swift; path = TabbarViewModel.swift; sourceTree = "<group>"; };
		BD71BC3452D9A09ED9918D00 /* TabbarAssembly.swift */ = {isa = PBXFileReference; includeInIndex = 1; lastKnownFileType = sourcecode.swift; path = TabbarAssembly.swift; sourceTree = "<group>"; };
		C04FEAE8F418DC929FDF071D /* Pods-TestAppRahmet.release.xcconfig */ = {isa = PBXFileReference; includeInIndex = 1; lastKnownFileType = text.xcconfig; name = "Pods-TestAppRahmet.release.xcconfig"; path = "Pods/Target Support Files/Pods-TestAppRahmet/Pods-TestAppRahmet.release.xcconfig"; sourceTree = "<group>"; };
		D2EC9E0581A8C922552127DA /* TabbarViewController.swift */ = {isa = PBXFileReference; includeInIndex = 1; lastKnownFileType = sourcecode.swift; path = TabbarViewController.swift; sourceTree = "<group>"; };
		ED8B666B2206091300CAE528 /* UIViewController.swift */ = {isa = PBXFileReference; lastKnownFileType = sourcecode.swift; path = UIViewController.swift; sourceTree = "<group>"; };
		ED8B666F220610E000CAE528 /* Transport.swift */ = {isa = PBXFileReference; lastKnownFileType = sourcecode.swift; path = Transport.swift; sourceTree = "<group>"; };
		ED8B66712206112A00CAE528 /* Serializer.swift */ = {isa = PBXFileReference; lastKnownFileType = sourcecode.swift; path = Serializer.swift; sourceTree = "<group>"; };
		ED8B66742206116900CAE528 /* NetworkError.swift */ = {isa = PBXFileReference; lastKnownFileType = sourcecode.swift; path = NetworkError.swift; sourceTree = "<group>"; };
		ED8B6677220611FB00CAE528 /* Rx+Alamofire.swift */ = {isa = PBXFileReference; lastKnownFileType = sourcecode.swift; path = "Rx+Alamofire.swift"; sourceTree = "<group>"; };
		ED8B667A220612B200CAE528 /* BitcoinHistory.swift */ = {isa = PBXFileReference; lastKnownFileType = sourcecode.swift; path = BitcoinHistory.swift; sourceTree = "<group>"; };
		ED8B667C2206132600CAE528 /* BitcoinTime.swift */ = {isa = PBXFileReference; lastKnownFileType = sourcecode.swift; path = BitcoinTime.swift; sourceTree = "<group>"; };
		ED8B667F2206190400CAE528 /* BaseRouter.swift */ = {isa = PBXFileReference; lastKnownFileType = sourcecode.swift; path = BaseRouter.swift; sourceTree = "<group>"; };
		ED8B66812206196300CAE528 /* BitcoinRouter.swift */ = {isa = PBXFileReference; lastKnownFileType = sourcecode.swift; path = BitcoinRouter.swift; sourceTree = "<group>"; };
		EDFE495F22059135005FD029 /* TestAppRahmet.app */ = {isa = PBXFileReference; explicitFileType = wrapper.application; includeInIndex = 0; path = TestAppRahmet.app; sourceTree = BUILT_PRODUCTS_DIR; };
		EDFE496222059135005FD029 /* AppDelegate.swift */ = {isa = PBXFileReference; lastKnownFileType = sourcecode.swift; path = AppDelegate.swift; sourceTree = "<group>"; };
		EDFE496922059137005FD029 /* Assets.xcassets */ = {isa = PBXFileReference; lastKnownFileType = folder.assetcatalog; path = Assets.xcassets; sourceTree = "<group>"; };
		EDFE496C22059137005FD029 /* Base */ = {isa = PBXFileReference; lastKnownFileType = file.storyboard; name = Base; path = Base.lproj/LaunchScreen.storyboard; sourceTree = "<group>"; };
		EDFE496E22059137005FD029 /* Info.plist */ = {isa = PBXFileReference; lastKnownFileType = text.plist.xml; path = Info.plist; sourceTree = "<group>"; };
		EDFE4975220601E7005FD029 /* NavigationService.swift */ = {isa = PBXFileReference; lastKnownFileType = sourcecode.swift; path = NavigationService.swift; sourceTree = "<group>"; };
		EDFE497822060271005FD029 /* UIStoryboard+Extensions.swift */ = {isa = PBXFileReference; lastKnownFileType = sourcecode.swift; path = "UIStoryboard+Extensions.swift"; sourceTree = "<group>"; };
		EDFE497A22060305005FD029 /* String+Extensions.swift */ = {isa = PBXFileReference; lastKnownFileType = sourcecode.swift; path = "String+Extensions.swift"; sourceTree = "<group>"; };
		EDFE497F22060400005FD029 /* ConfigurableController.swift */ = {isa = PBXFileReference; lastKnownFileType = sourcecode.swift; path = ConfigurableController.swift; sourceTree = "<group>"; };
		EDFE49832206044A005FD029 /* UIWindow+Extensions.swift */ = {isa = PBXFileReference; lastKnownFileType = sourcecode.swift; path = "UIWindow+Extensions.swift"; sourceTree = "<group>"; };
		EDFE4985220605C7005FD029 /* StoryboardIdentifierProtocol.swift */ = {isa = PBXFileReference; lastKnownFileType = sourcecode.swift; path = StoryboardIdentifierProtocol.swift; sourceTree = "<group>"; };
/* End PBXFileReference section */

/* Begin PBXFrameworksBuildPhase section */
		EDFE495C22059135005FD029 /* Frameworks */ = {
			isa = PBXFrameworksBuildPhase;
			buildActionMask = 2147483647;
			files = (
				91FC409F3BADB87DF0ABE2D7 /* Pods_TestAppRahmet.framework in Frameworks */,
			);
			runOnlyForDeploymentPostprocessing = 0;
		};
/* End PBXFrameworksBuildPhase section */

/* Begin PBXGroup section */
		1C94C1ACBC54735204B3C547 /* Tabbar */ = {
			isa = PBXGroup;
			children = (
				4B32125736EBA1D40EB5C018 /* Assembly */,
				F08C0C8FF49D7A743076A9EC /* View */,
				4400ABCEC9B08AB549511B29 /* ViewModel */,
			);
			path = Tabbar;
			sourceTree = "<group>";
		};
		2ADA1EE6D2D62411889FC500 /* Presentation */ = {
			isa = PBXGroup;
			children = (
				1C94C1ACBC54735204B3C547 /* Tabbar */,
			);
			path = Presentation;
			sourceTree = "<group>";
		};
		433A219EA25F2CCAF5D5E5F5 /* Pods */ = {
			isa = PBXGroup;
			children = (
				76050685E98E8588084B705F /* Pods-TestAppRahmet.debug.xcconfig */,
				C04FEAE8F418DC929FDF071D /* Pods-TestAppRahmet.release.xcconfig */,
			);
			name = Pods;
			sourceTree = "<group>";
		};
		4400ABCEC9B08AB549511B29 /* ViewModel */ = {
			isa = PBXGroup;
			children = (
				A5F7DBD2E140502B558D1F50 /* TabbarViewModel.swift */,
			);
			path = ViewModel;
			sourceTree = "<group>";
		};
		4B32125736EBA1D40EB5C018 /* Assembly */ = {
			isa = PBXGroup;
			children = (
				BD71BC3452D9A09ED9918D00 /* TabbarAssembly.swift */,
				480FE36D34E2381D13EE2A37 /* NavigationService+Tabbar.swift */,
			);
			path = Assembly;
			sourceTree = "<group>";
		};
		B601ADC3F105CEED49D2F8B9 /* Frameworks */ = {
			isa = PBXGroup;
			children = (
				A2611E443AB6F3AF4A917699 /* Pods_TestAppRahmet.framework */,
			);
			name = Frameworks;
			sourceTree = "<group>";
		};
		ED8B666E220610CE00CAE528 /* Network */ = {
			isa = PBXGroup;
			children = (
				ED8B666F220610E000CAE528 /* Transport.swift */,
				ED8B66712206112A00CAE528 /* Serializer.swift */,
				ED8B66732206115C00CAE528 /* Response */,
				ED8B667E220618D700CAE528 /* Requests */,
			);
			path = Network;
			sourceTree = "<group>";
		};
		ED8B66732206115C00CAE528 /* Response */ = {
			isa = PBXGroup;
			children = (
				ED8B66742206116900CAE528 /* NetworkError.swift */,
			);
			path = Response;
			sourceTree = "<group>";
		};
		ED8B6676220611EC00CAE528 /* Rx+Alamofire */ = {
			isa = PBXGroup;
			children = (
				ED8B6677220611FB00CAE528 /* Rx+Alamofire.swift */,
			);
			path = "Rx+Alamofire";
			sourceTree = "<group>";
		};
		ED8B66792206122100CAE528 /* Models */ = {
			isa = PBXGroup;
			children = (
				ED8B667A220612B200CAE528 /* BitcoinHistory.swift */,
				ED8B667C2206132600CAE528 /* BitcoinTime.swift */,
			);
			path = Models;
			sourceTree = "<group>";
		};
		ED8B667E220618D700CAE528 /* Requests */ = {
			isa = PBXGroup;
			children = (
				ED8B667F2206190400CAE528 /* BaseRouter.swift */,
				ED8B66812206196300CAE528 /* BitcoinRouter.swift */,
			);
			path = Requests;
			sourceTree = "<group>";
		};
		EDFE495622059135005FD029 = {
			isa = PBXGroup;
			children = (
				EDFE496122059135005FD029 /* TestAppRahmet */,
				EDFE496022059135005FD029 /* Products */,
				433A219EA25F2CCAF5D5E5F5 /* Pods */,
				B601ADC3F105CEED49D2F8B9 /* Frameworks */,
			);
			sourceTree = "<group>";
		};
		EDFE496022059135005FD029 /* Products */ = {
			isa = PBXGroup;
			children = (
				EDFE495F22059135005FD029 /* TestAppRahmet.app */,
			);
			name = Products;
			sourceTree = "<group>";
		};
		EDFE496122059135005FD029 /* TestAppRahmet */ = {
			isa = PBXGroup;
			children = (
				EDFE496222059135005FD029 /* AppDelegate.swift */,
				EDFE496922059137005FD029 /* Assets.xcassets */,
				EDFE496B22059137005FD029 /* LaunchScreen.storyboard */,
				EDFE496E22059137005FD029 /* Info.plist */,
				ED8B66792206122100CAE528 /* Models */,
				EDFE497722060210005FD029 /* Extensions */,
				ED8B666E220610CE00CAE528 /* Network */,
				2ADA1EE6D2D62411889FC500 /* Presentation */,
				EDFE497C220603BD005FD029 /* Protocols */,
				EDFE4974220601D6005FD029 /* Services */,
			);
			path = TestAppRahmet;
			sourceTree = "<group>";
		};
		EDFE4974220601D6005FD029 /* Services */ = {
			isa = PBXGroup;
			children = (
				EDFE4975220601E7005FD029 /* NavigationService.swift */,
			);
			path = Services;
			sourceTree = "<group>";
		};
		EDFE497722060210005FD029 /* Extensions */ = {
			isa = PBXGroup;
			children = (
				ED8B6676220611EC00CAE528 /* Rx+Alamofire */,
				EDFE49822206041F005FD029 /* Foundation */,
				EDFE498122060412005FD029 /* UIKIt */,
			);
			path = Extensions;
			sourceTree = "<group>";
		};
		EDFE497C220603BD005FD029 /* Protocols */ = {
			isa = PBXGroup;
			children = (
				EDFE497F22060400005FD029 /* ConfigurableController.swift */,
				EDFE4985220605C7005FD029 /* StoryboardIdentifierProtocol.swift */,
			);
			path = Protocols;
			sourceTree = "<group>";
		};
		EDFE498122060412005FD029 /* UIKIt */ = {
			isa = PBXGroup;
			children = (
				EDFE497822060271005FD029 /* UIStoryboard+Extensions.swift */,
				EDFE49832206044A005FD029 /* UIWindow+Extensions.swift */,
				ED8B666B2206091300CAE528 /* UIViewController.swift */,
			);
			path = UIKIt;
			sourceTree = "<group>";
		};
		EDFE49822206041F005FD029 /* Foundation */ = {
			isa = PBXGroup;
			children = (
				EDFE497A22060305005FD029 /* String+Extensions.swift */,
			);
			path = Foundation;
			sourceTree = "<group>";
		};
		F08C0C8FF49D7A743076A9EC /* View */ = {
			isa = PBXGroup;
			children = (
				D2EC9E0581A8C922552127DA /* TabbarViewController.swift */,
				703820AA48BFBC3952BAF27F /* Tabbar.storyboard */,
			);
			path = View;
			sourceTree = "<group>";
		};
/* End PBXGroup section */

/* Begin PBXNativeTarget section */
		EDFE495E22059135005FD029 /* TestAppRahmet */ = {
			isa = PBXNativeTarget;
			buildConfigurationList = EDFE497122059137005FD029 /* Build configuration list for PBXNativeTarget "TestAppRahmet" */;
			buildPhases = (
				2E35B3F925EC8C9E485488FD /* [CP] Check Pods Manifest.lock */,
				EDFE495B22059135005FD029 /* Sources */,
				EDFE495C22059135005FD029 /* Frameworks */,
				EDFE495D22059135005FD029 /* Resources */,
				95246C4F701262E21FC7DB76 /* [CP] Embed Pods Frameworks */,
				ED8B666D22060F7600CAE528 /* ShellScript */,
			);
			buildRules = (
			);
			dependencies = (
			);
			name = TestAppRahmet;
			productName = TestAppRahmet;
			productReference = EDFE495F22059135005FD029 /* TestAppRahmet.app */;
			productType = "com.apple.product-type.application";
		};
/* End PBXNativeTarget section */

/* Begin PBXProject section */
		EDFE495722059135005FD029 /* Project object */ = {
			isa = PBXProject;
			attributes = {
				LastSwiftUpdateCheck = 1010;
				LastUpgradeCheck = 1010;
				ORGANIZATIONNAME = "Ulan Nurmamatov";
				TargetAttributes = {
					EDFE495E22059135005FD029 = {
						CreatedOnToolsVersion = 10.1;
						ProvisioningStyle = Automatic;
					};
				};
			};
			buildConfigurationList = EDFE495A22059135005FD029 /* Build configuration list for PBXProject "TestAppRahmet" */;
			compatibilityVersion = "Xcode 8.0";
			developmentRegion = en;
			hasScannedForEncodings = 0;
			knownRegions = (
				en,
				Base,
			);
			mainGroup = EDFE495622059135005FD029;
			productRefGroup = EDFE496022059135005FD029 /* Products */;
			projectDirPath = "";
			projectRoot = "";
			targets = (
				EDFE495E22059135005FD029 /* TestAppRahmet */,
			);
		};
/* End PBXProject section */

/* Begin PBXResourcesBuildPhase section */
		EDFE495D22059135005FD029 /* Resources */ = {
			isa = PBXResourcesBuildPhase;
			buildActionMask = 2147483647;
			files = (
				EDFE496D22059137005FD029 /* LaunchScreen.storyboard in Resources */,
				EDFE496A22059137005FD029 /* Assets.xcassets in Resources */,
				459F3A38ADAC14D4BC878D3F /* Tabbar.storyboard in Resources */,
			);
			runOnlyForDeploymentPostprocessing = 0;
		};
/* End PBXResourcesBuildPhase section */

/* Begin PBXShellScriptBuildPhase section */
		2E35B3F925EC8C9E485488FD /* [CP] Check Pods Manifest.lock */ = {
			isa = PBXShellScriptBuildPhase;
			buildActionMask = 2147483647;
			files = (
			);
			inputPaths = (
				"${PODS_PODFILE_DIR_PATH}/Podfile.lock",
				"${PODS_ROOT}/Manifest.lock",
			);
			name = "[CP] Check Pods Manifest.lock";
			outputPaths = (
				"$(DERIVED_FILE_DIR)/Pods-TestAppRahmet-checkManifestLockResult.txt",
			);
			runOnlyForDeploymentPostprocessing = 0;
			shellPath = /bin/sh;
			shellScript = "diff \"${PODS_PODFILE_DIR_PATH}/Podfile.lock\" \"${PODS_ROOT}/Manifest.lock\" > /dev/null\nif [ $? != 0 ] ; then\n    # print error to STDERR\n    echo \"error: The sandbox is not in sync with the Podfile.lock. Run 'pod install' or update your CocoaPods installation.\" >&2\n    exit 1\nfi\n# This output is used by Xcode 'outputs' to avoid re-running this script phase.\necho \"SUCCESS\" > \"${SCRIPT_OUTPUT_FILE_0}\"\n";
			showEnvVarsInLog = 0;
		};
		95246C4F701262E21FC7DB76 /* [CP] Embed Pods Frameworks */ = {
			isa = PBXShellScriptBuildPhase;
			buildActionMask = 2147483647;
			files = (
			);
			inputFileListPaths = (
			);
			inputPaths = (
				"${SRCROOT}/Pods/Target Support Files/Pods-TestAppRahmet/Pods-TestAppRahmet-frameworks.sh",
				"${BUILT_PRODUCTS_DIR}/Alamofire/Alamofire.framework",
				"${BUILT_PRODUCTS_DIR}/Charts/Charts.framework",
				"${BUILT_PRODUCTS_DIR}/ObjectMapper/ObjectMapper.framework",
				"${BUILT_PRODUCTS_DIR}/RxAtomic/RxAtomic.framework",
				"${BUILT_PRODUCTS_DIR}/RxCocoa/RxCocoa.framework",
				"${BUILT_PRODUCTS_DIR}/RxSwift/RxSwift.framework",
				"${BUILT_PRODUCTS_DIR}/TableKit/TableKit.framework",
			);
			name = "[CP] Embed Pods Frameworks";
			outputFileListPaths = (
			);
			outputPaths = (
				"${TARGET_BUILD_DIR}/${FRAMEWORKS_FOLDER_PATH}/Alamofire.framework",
				"${TARGET_BUILD_DIR}/${FRAMEWORKS_FOLDER_PATH}/Charts.framework",
				"${TARGET_BUILD_DIR}/${FRAMEWORKS_FOLDER_PATH}/ObjectMapper.framework",
				"${TARGET_BUILD_DIR}/${FRAMEWORKS_FOLDER_PATH}/RxAtomic.framework",
				"${TARGET_BUILD_DIR}/${FRAMEWORKS_FOLDER_PATH}/RxCocoa.framework",
				"${TARGET_BUILD_DIR}/${FRAMEWORKS_FOLDER_PATH}/RxSwift.framework",
				"${TARGET_BUILD_DIR}/${FRAMEWORKS_FOLDER_PATH}/TableKit.framework",
			);
			runOnlyForDeploymentPostprocessing = 0;
			shellPath = /bin/sh;
			shellScript = "\"${SRCROOT}/Pods/Target Support Files/Pods-TestAppRahmet/Pods-TestAppRahmet-frameworks.sh\"\n";
			showEnvVarsInLog = 0;
		};
		ED8B666D22060F7600CAE528 /* ShellScript */ = {
			isa = PBXShellScriptBuildPhase;
			buildActionMask = 2147483647;
			files = (
			);
			inputFileListPaths = (
			);
			inputPaths = (
			);
			outputFileListPaths = (
			);
			outputPaths = (
			);
			runOnlyForDeploymentPostprocessing = 0;
			shellPath = /bin/sh;
			shellScript = "if which swiftlint >/dev/null; then\nswiftlint\nelse\necho \"warning: SwiftLint not installed, download from https://github.com/realm/SwiftLint\"\nfi\n";
		};
/* End PBXShellScriptBuildPhase section */

/* Begin PBXSourcesBuildPhase section */
		EDFE495B22059135005FD029 /* Sources */ = {
			isa = PBXSourcesBuildPhase;
			buildActionMask = 2147483647;
			files = (
				EDFE496322059135005FD029 /* AppDelegate.swift in Sources */,
				EDFE4976220601E7005FD029 /* NavigationService.swift in Sources */,
				ED8B6678220611FB00CAE528 /* Rx+Alamofire.swift in Sources */,
				ED8B666C2206091300CAE528 /* UIViewController.swift in Sources */,
				ED8B66722206112A00CAE528 /* Serializer.swift in Sources */,
				EDFE4986220605C7005FD029 /* StoryboardIdentifierProtocol.swift in Sources */,
				ED8B667D2206132600CAE528 /* BitcoinTime.swift in Sources */,
				ED8B667B220612B200CAE528 /* BitcoinHistory.swift in Sources */,
				EDFE49842206044A005FD029 /* UIWindow+Extensions.swift in Sources */,
				69109B7ED7F9C4C39833D1E2 /* TabbarAssembly.swift in Sources */,
				6B723029CC35C3CB27F2D93D /* NavigationService+Tabbar.swift in Sources */,
				EDFE498022060400005FD029 /* ConfigurableController.swift in Sources */,
				ED8B66752206116900CAE528 /* NetworkError.swift in Sources */,
				ED8B66802206190400CAE528 /* BaseRouter.swift in Sources */,
				EDFE497B22060305005FD029 /* String+Extensions.swift in Sources */,
				4AD3466AEC8298535FAB608B /* TabbarViewController.swift in Sources */,
				9D0F5E562B214852CA8E54E8 /* TabbarViewModel.swift in Sources */,
				EDFE497922060271005FD029 /* UIStoryboard+Extensions.swift in Sources */,
				ED8B6670220610E000CAE528 /* Transport.swift in Sources */,
				ED8B66822206196300CAE528 /* BitcoinRouter.swift in Sources */,
			);
			runOnlyForDeploymentPostprocessing = 0;
		};
/* End PBXSourcesBuildPhase section */

/* Begin PBXVariantGroup section */
		EDFE496B22059137005FD029 /* LaunchScreen.storyboard */ = {
			isa = PBXVariantGroup;
			children = (
				EDFE496C22059137005FD029 /* Base */,
			);
			name = LaunchScreen.storyboard;
			sourceTree = "<group>";
		};
/* End PBXVariantGroup section */

/* Begin XCBuildConfiguration section */
		EDFE496F22059137005FD029 /* Debug */ = {
			isa = XCBuildConfiguration;
			buildSettings = {
				ALWAYS_SEARCH_USER_PATHS = NO;
				CLANG_ANALYZER_NONNULL = YES;
				CLANG_ANALYZER_NUMBER_OBJECT_CONVERSION = YES_AGGRESSIVE;
				CLANG_CXX_LANGUAGE_STANDARD = "gnu++14";
				CLANG_CXX_LIBRARY = "libc++";
				CLANG_ENABLE_MODULES = YES;
				CLANG_ENABLE_OBJC_ARC = YES;
				CLANG_ENABLE_OBJC_WEAK = YES;
				CLANG_WARN_BLOCK_CAPTURE_AUTORELEASING = YES;
				CLANG_WARN_BOOL_CONVERSION = YES;
				CLANG_WARN_COMMA = YES;
				CLANG_WARN_CONSTANT_CONVERSION = YES;
				CLANG_WARN_DEPRECATED_OBJC_IMPLEMENTATIONS = YES;
				CLANG_WARN_DIRECT_OBJC_ISA_USAGE = YES_ERROR;
				CLANG_WARN_DOCUMENTATION_COMMENTS = YES;
				CLANG_WARN_EMPTY_BODY = YES;
				CLANG_WARN_ENUM_CONVERSION = YES;
				CLANG_WARN_INFINITE_RECURSION = YES;
				CLANG_WARN_INT_CONVERSION = YES;
				CLANG_WARN_NON_LITERAL_NULL_CONVERSION = YES;
				CLANG_WARN_OBJC_IMPLICIT_RETAIN_SELF = YES;
				CLANG_WARN_OBJC_LITERAL_CONVERSION = YES;
				CLANG_WARN_OBJC_ROOT_CLASS = YES_ERROR;
				CLANG_WARN_RANGE_LOOP_ANALYSIS = YES;
				CLANG_WARN_STRICT_PROTOTYPES = YES;
				CLANG_WARN_SUSPICIOUS_MOVE = YES;
				CLANG_WARN_UNGUARDED_AVAILABILITY = YES_AGGRESSIVE;
				CLANG_WARN_UNREACHABLE_CODE = YES;
				CLANG_WARN__DUPLICATE_METHOD_MATCH = YES;
				CODE_SIGN_IDENTITY = "iPhone Developer";
				COPY_PHASE_STRIP = NO;
				DEBUG_INFORMATION_FORMAT = dwarf;
				ENABLE_STRICT_OBJC_MSGSEND = YES;
				ENABLE_TESTABILITY = YES;
				GCC_C_LANGUAGE_STANDARD = gnu11;
				GCC_DYNAMIC_NO_PIC = NO;
				GCC_NO_COMMON_BLOCKS = YES;
				GCC_OPTIMIZATION_LEVEL = 0;
				GCC_PREPROCESSOR_DEFINITIONS = (
					"DEBUG=1",
					"$(inherited)",
				);
				GCC_WARN_64_TO_32_BIT_CONVERSION = YES;
				GCC_WARN_ABOUT_RETURN_TYPE = YES_ERROR;
				GCC_WARN_UNDECLARED_SELECTOR = YES;
				GCC_WARN_UNINITIALIZED_AUTOS = YES_AGGRESSIVE;
				GCC_WARN_UNUSED_FUNCTION = YES;
				GCC_WARN_UNUSED_VARIABLE = YES;
				IPHONEOS_DEPLOYMENT_TARGET = 12.1;
				MTL_ENABLE_DEBUG_INFO = INCLUDE_SOURCE;
				MTL_FAST_MATH = YES;
				ONLY_ACTIVE_ARCH = YES;
				SDKROOT = iphoneos;
				SWIFT_ACTIVE_COMPILATION_CONDITIONS = DEBUG;
				SWIFT_OPTIMIZATION_LEVEL = "-Onone";
			};
			name = Debug;
		};
		EDFE497022059137005FD029 /* Release */ = {
			isa = XCBuildConfiguration;
			buildSettings = {
				ALWAYS_SEARCH_USER_PATHS = NO;
				CLANG_ANALYZER_NONNULL = YES;
				CLANG_ANALYZER_NUMBER_OBJECT_CONVERSION = YES_AGGRESSIVE;
				CLANG_CXX_LANGUAGE_STANDARD = "gnu++14";
				CLANG_CXX_LIBRARY = "libc++";
				CLANG_ENABLE_MODULES = YES;
				CLANG_ENABLE_OBJC_ARC = YES;
				CLANG_ENABLE_OBJC_WEAK = YES;
				CLANG_WARN_BLOCK_CAPTURE_AUTORELEASING = YES;
				CLANG_WARN_BOOL_CONVERSION = YES;
				CLANG_WARN_COMMA = YES;
				CLANG_WARN_CONSTANT_CONVERSION = YES;
				CLANG_WARN_DEPRECATED_OBJC_IMPLEMENTATIONS = YES;
				CLANG_WARN_DIRECT_OBJC_ISA_USAGE = YES_ERROR;
				CLANG_WARN_DOCUMENTATION_COMMENTS = YES;
				CLANG_WARN_EMPTY_BODY = YES;
				CLANG_WARN_ENUM_CONVERSION = YES;
				CLANG_WARN_INFINITE_RECURSION = YES;
				CLANG_WARN_INT_CONVERSION = YES;
				CLANG_WARN_NON_LITERAL_NULL_CONVERSION = YES;
				CLANG_WARN_OBJC_IMPLICIT_RETAIN_SELF = YES;
				CLANG_WARN_OBJC_LITERAL_CONVERSION = YES;
				CLANG_WARN_OBJC_ROOT_CLASS = YES_ERROR;
				CLANG_WARN_RANGE_LOOP_ANALYSIS = YES;
				CLANG_WARN_STRICT_PROTOTYPES = YES;
				CLANG_WARN_SUSPICIOUS_MOVE = YES;
				CLANG_WARN_UNGUARDED_AVAILABILITY = YES_AGGRESSIVE;
				CLANG_WARN_UNREACHABLE_CODE = YES;
				CLANG_WARN__DUPLICATE_METHOD_MATCH = YES;
				CODE_SIGN_IDENTITY = "iPhone Developer";
				COPY_PHASE_STRIP = NO;
				DEBUG_INFORMATION_FORMAT = "dwarf-with-dsym";
				ENABLE_NS_ASSERTIONS = NO;
				ENABLE_STRICT_OBJC_MSGSEND = YES;
				GCC_C_LANGUAGE_STANDARD = gnu11;
				GCC_NO_COMMON_BLOCKS = YES;
				GCC_WARN_64_TO_32_BIT_CONVERSION = YES;
				GCC_WARN_ABOUT_RETURN_TYPE = YES_ERROR;
				GCC_WARN_UNDECLARED_SELECTOR = YES;
				GCC_WARN_UNINITIALIZED_AUTOS = YES_AGGRESSIVE;
				GCC_WARN_UNUSED_FUNCTION = YES;
				GCC_WARN_UNUSED_VARIABLE = YES;
				IPHONEOS_DEPLOYMENT_TARGET = 12.1;
				MTL_ENABLE_DEBUG_INFO = NO;
				MTL_FAST_MATH = YES;
				SDKROOT = iphoneos;
				SWIFT_OPTIMIZATION_LEVEL = "-Owholemodule";
				VALIDATE_PRODUCT = YES;
			};
			name = Release;
		};
		EDFE497222059137005FD029 /* Debug */ = {
			isa = XCBuildConfiguration;
			baseConfigurationReference = 76050685E98E8588084B705F /* Pods-TestAppRahmet.debug.xcconfig */;
			buildSettings = {
				ASSETCATALOG_COMPILER_APPICON_NAME = AppIcon;
				CODE_SIGN_STYLE = Automatic;
				DEVELOPMENT_TEAM = GR23PPY338;
				INFOPLIST_FILE = TestAppRahmet/Info.plist;
				LD_RUNPATH_SEARCH_PATHS = "$(inherited) @executable_path/Frameworks";
				PRODUCT_BUNDLE_IDENTIFIER = com.ulannurmamatov.TestAppRahmet;
				PRODUCT_NAME = "$(TARGET_NAME)";
				SWIFT_VERSION = 4.2;
				TARGETED_DEVICE_FAMILY = 1;
			};
			name = Debug;
		};
		EDFE497322059137005FD029 /* Release */ = {
			isa = XCBuildConfiguration;
			baseConfigurationReference = C04FEAE8F418DC929FDF071D /* Pods-TestAppRahmet.release.xcconfig */;
			buildSettings = {
				ASSETCATALOG_COMPILER_APPICON_NAME = AppIcon;
				CODE_SIGN_STYLE = Automatic;
				DEVELOPMENT_TEAM = GR23PPY338;
				INFOPLIST_FILE = TestAppRahmet/Info.plist;
				LD_RUNPATH_SEARCH_PATHS = "$(inherited) @executable_path/Frameworks";
				PRODUCT_BUNDLE_IDENTIFIER = com.ulannurmamatov.TestAppRahmet;
				PRODUCT_NAME = "$(TARGET_NAME)";
				SWIFT_VERSION = 4.2;
				TARGETED_DEVICE_FAMILY = 1;
			};
			name = Release;
		};
/* End XCBuildConfiguration section */

/* Begin XCConfigurationList section */
		EDFE495A22059135005FD029 /* Build configuration list for PBXProject "TestAppRahmet" */ = {
			isa = XCConfigurationList;
			buildConfigurations = (
				EDFE496F22059137005FD029 /* Debug */,
				EDFE497022059137005FD029 /* Release */,
			);
			defaultConfigurationIsVisible = 0;
			defaultConfigurationName = Release;
		};
		EDFE497122059137005FD029 /* Build configuration list for PBXNativeTarget "TestAppRahmet" */ = {
			isa = XCConfigurationList;
			buildConfigurations = (
				EDFE497222059137005FD029 /* Debug */,
				EDFE497322059137005FD029 /* Release */,
			);
			defaultConfigurationIsVisible = 0;
			defaultConfigurationName = Release;
		};
/* End XCConfigurationList section */
	};
	rootObject = EDFE495722059135005FD029 /* Project object */;
}
