// !$*UTF8*$!
{
	archiveVersion = 1;
	classes = {
	};
	objectVersion = 48;
	objects = {

/* Begin PBXBuildFile section */
		2A6299CCE657C36125FE6F68 /* ConverterAssembly.swift in Sources */ = {isa = PBXBuildFile; fileRef = EE139F8A2C089E58B7E72E78 /* ConverterAssembly.swift */; };
		309E89505FFEB81882EC79DC /* Transactions.storyboard in Resources */ = {isa = PBXBuildFile; fileRef = BFFB5284BFD3C9F4DF64624F /* Transactions.storyboard */; };
		4136264957BE7149AA1CFE9A /* ConverterViewModel.swift in Sources */ = {isa = PBXBuildFile; fileRef = B6E615943514A441A27D1E53 /* ConverterViewModel.swift */; };
		459F3A38ADAC14D4BC878D3F /* Tabbar.storyboard in Resources */ = {isa = PBXBuildFile; fileRef = 703820AA48BFBC3952BAF27F /* Tabbar.storyboard */; };
		4AD3466AEC8298535FAB608B /* TabbarViewController.swift in Sources */ = {isa = PBXBuildFile; fileRef = D2EC9E0581A8C922552127DA /* TabbarViewController.swift */; };
		4C38A0C61996634EF00BC300 /* NavigationService+Transaction.swift in Sources */ = {isa = PBXBuildFile; fileRef = FC93DE3D087EB85B250C1DBA /* NavigationService+Transaction.swift */; };
		4EA5055E8BEDD3EE0B915EF5 /* TransactionsViewModel.swift in Sources */ = {isa = PBXBuildFile; fileRef = 25553941C4317783B64BB88E /* TransactionsViewModel.swift */; };
		69109B7ED7F9C4C39833D1E2 /* TabbarAssembly.swift in Sources */ = {isa = PBXBuildFile; fileRef = BD71BC3452D9A09ED9918D00 /* TabbarAssembly.swift */; };
		6B723029CC35C3CB27F2D93D /* NavigationService+Tabbar.swift in Sources */ = {isa = PBXBuildFile; fileRef = 480FE36D34E2381D13EE2A37 /* NavigationService+Tabbar.swift */; };
		751EB2B115A6F9E5E5C93F20 /* PricesViewController.swift in Sources */ = {isa = PBXBuildFile; fileRef = 811FB1AEE250AD26D68641EB /* PricesViewController.swift */; };
		79AE8E87BF5497E15DD00266 /* NavigationService+Converter.swift in Sources */ = {isa = PBXBuildFile; fileRef = 08740D651A2FC608032714F1 /* NavigationService+Converter.swift */; };
		7A64CA028AE2C38B8B6DB85F /* NavigationService+Transactions.swift in Sources */ = {isa = PBXBuildFile; fileRef = 2E8438D9CAA961DB03B99BC7 /* NavigationService+Transactions.swift */; };
		7EED7B7C3D41D93BFC87147D /* TransactionAssembly.swift in Sources */ = {isa = PBXBuildFile; fileRef = C2EB7E7BEFA4BD28A667A622 /* TransactionAssembly.swift */; };
		80EC0A49116169DA2CA045C2 /* NavigationService+Prices.swift in Sources */ = {isa = PBXBuildFile; fileRef = 207C928B9A4713C60C103498 /* NavigationService+Prices.swift */; };
		8652CCE088F1D1E856600701 /* PricesAssembly.swift in Sources */ = {isa = PBXBuildFile; fileRef = 0DD954CCAE004EC11B007C33 /* PricesAssembly.swift */; };
		8DFA1D50C48E46DC9ED66790 /* ConverterViewController.swift in Sources */ = {isa = PBXBuildFile; fileRef = A6C41D009E9ED629639508C7 /* ConverterViewController.swift */; };
		91FC409F3BADB87DF0ABE2D7 /* Pods_TestAppRahmet.framework in Frameworks */ = {isa = PBXBuildFile; fileRef = A2611E443AB6F3AF4A917699 /* Pods_TestAppRahmet.framework */; };
		9D0F5E562B214852CA8E54E8 /* TabbarViewModel.swift in Sources */ = {isa = PBXBuildFile; fileRef = A5F7DBD2E140502B558D1F50 /* TabbarViewModel.swift */; };
		9D95E865DE9C492386714BCA /* TransactionViewController.swift in Sources */ = {isa = PBXBuildFile; fileRef = 877CB5B47AA8F89808C04CB9 /* TransactionViewController.swift */; };
		A96A36F5581EBB922525A501 /* TransactionCell.xib in Resources */ = {isa = PBXBuildFile; fileRef = 043876E4DBA29BDAA1B0378A /* TransactionCell.xib */; };
		B226DDD66972FD8FDF38A92C /* TransactionViewModel.swift in Sources */ = {isa = PBXBuildFile; fileRef = 6691C8EBA3EE0E406AD5A890 /* TransactionViewModel.swift */; };
		CB26946AB2809696760604C5 /* PricesViewModel.swift in Sources */ = {isa = PBXBuildFile; fileRef = 58720DCE644EA0A1BB3F3C8D /* PricesViewModel.swift */; };
		D38F405052A019E04961315C /* Converter.storyboard in Resources */ = {isa = PBXBuildFile; fileRef = F80FDB6A46B939C18CC52CD1 /* Converter.storyboard */; };
		D45AFF9BC8E203CDF27294D7 /* Prices.storyboard in Resources */ = {isa = PBXBuildFile; fileRef = 267BD20131B4372F08245F6E /* Prices.storyboard */; };
		D7D9C718F37EDDBAD502AC96 /* TransactionCellViewModel.swift in Sources */ = {isa = PBXBuildFile; fileRef = 62F8195FEAC3CAC5489615E8 /* TransactionCellViewModel.swift */; };
		DB0C92C46616A6CDB855FFE0 /* Transaction.storyboard in Resources */ = {isa = PBXBuildFile; fileRef = 1989CC0CD894ADE3ED7AE0F2 /* Transaction.storyboard */; };
		E57A65E01C28CAD1DDADDE9D /* TransactionsAssembly.swift in Sources */ = {isa = PBXBuildFile; fileRef = 1D98A72FCBA28BDED6007609 /* TransactionsAssembly.swift */; };
		ED8B666C2206091300CAE528 /* UIViewController+Extensions.swift in Sources */ = {isa = PBXBuildFile; fileRef = ED8B666B2206091300CAE528 /* UIViewController+Extensions.swift */; };
		ED8B6670220610E000CAE528 /* Transport.swift in Sources */ = {isa = PBXBuildFile; fileRef = ED8B666F220610E000CAE528 /* Transport.swift */; };
		ED8B66722206112A00CAE528 /* Serializer.swift in Sources */ = {isa = PBXBuildFile; fileRef = ED8B66712206112A00CAE528 /* Serializer.swift */; };
		ED8B66752206116900CAE528 /* NetworkError.swift in Sources */ = {isa = PBXBuildFile; fileRef = ED8B66742206116900CAE528 /* NetworkError.swift */; };
		ED8B6678220611FB00CAE528 /* Rx+Alamofire.swift in Sources */ = {isa = PBXBuildFile; fileRef = ED8B6677220611FB00CAE528 /* Rx+Alamofire.swift */; };
		ED8B667B220612B200CAE528 /* BitcoinHistory.swift in Sources */ = {isa = PBXBuildFile; fileRef = ED8B667A220612B200CAE528 /* BitcoinHistory.swift */; };
		ED8B667D2206132600CAE528 /* BitcoinTime.swift in Sources */ = {isa = PBXBuildFile; fileRef = ED8B667C2206132600CAE528 /* BitcoinTime.swift */; };
		ED8B66802206190400CAE528 /* BaseRouter.swift in Sources */ = {isa = PBXBuildFile; fileRef = ED8B667F2206190400CAE528 /* BaseRouter.swift */; };
		ED8B66822206196300CAE528 /* BitcoinRouter.swift in Sources */ = {isa = PBXBuildFile; fileRef = ED8B66812206196300CAE528 /* BitcoinRouter.swift */; };
		ED8B66882206CB7A00CAE528 /* Localizable.strings in Resources */ = {isa = PBXBuildFile; fileRef = ED8B66872206CB7A00CAE528 /* Localizable.strings */; };
		ED8B668A2206CC0000CAE528 /* String+Localize.swift in Sources */ = {isa = PBXBuildFile; fileRef = ED8B66892206CC0000CAE528 /* String+Localize.swift */; };
		ED8B668E2206CE3700CAE528 /* Launcher.swift in Sources */ = {isa = PBXBuildFile; fileRef = ED8B668D2206CE3700CAE528 /* Launcher.swift */; };
		ED8B66912206D18500CAE528 /* UINavigationController+Extensions.swift in Sources */ = {isa = PBXBuildFile; fileRef = ED8B66902206D18500CAE528 /* UINavigationController+Extensions.swift */; };
		ED8B66942206DDA700CAE528 /* TransactionRouter.swift in Sources */ = {isa = PBXBuildFile; fileRef = ED8B66932206DDA700CAE528 /* TransactionRouter.swift */; };
		ED8B66972206DE4A00CAE528 /* TransactionService.swift in Sources */ = {isa = PBXBuildFile; fileRef = ED8B66962206DE4A00CAE528 /* TransactionService.swift */; };
		ED8B66992206DE8D00CAE528 /* Transaction.swift in Sources */ = {isa = PBXBuildFile; fileRef = ED8B66982206DE8D00CAE528 /* Transaction.swift */; };
		ED8B669B2206E3DB00CAE528 /* Date+Extensions.swift in Sources */ = {isa = PBXBuildFile; fileRef = ED8B669A2206E3DB00CAE528 /* Date+Extensions.swift */; };
		ED8B669D2206E83900CAE528 /* UITableView+Extensions.swift in Sources */ = {isa = PBXBuildFile; fileRef = ED8B669C2206E83900CAE528 /* UITableView+Extensions.swift */; };
		ED8B669F2207243000CAE528 /* RefreshableView.swift in Sources */ = {isa = PBXBuildFile; fileRef = ED8B669E2207243000CAE528 /* RefreshableView.swift */; };
		ED8B66A222072D1600CAE528 /* BitcoinService.swift in Sources */ = {isa = PBXBuildFile; fileRef = ED8B66A122072D1600CAE528 /* BitcoinService.swift */; };
		ED8B66A422072D4B00CAE528 /* BitcoinPrice.swift in Sources */ = {isa = PBXBuildFile; fileRef = ED8B66A322072D4B00CAE528 /* BitcoinPrice.swift */; };
		ED8B66A622073AA200CAE528 /* Double+Extensions.swift in Sources */ = {isa = PBXBuildFile; fileRef = ED8B66A522073AA200CAE528 /* Double+Extensions.swift */; };
		ED8B66A822073E8700CAE528 /* UISegmentedControl.swift in Sources */ = {isa = PBXBuildFile; fileRef = ED8B66A722073E8700CAE528 /* UISegmentedControl.swift */; };
		EDFE496322059135005FD029 /* AppDelegate.swift in Sources */ = {isa = PBXBuildFile; fileRef = EDFE496222059135005FD029 /* AppDelegate.swift */; };
		EDFE496A22059137005FD029 /* Assets.xcassets in Resources */ = {isa = PBXBuildFile; fileRef = EDFE496922059137005FD029 /* Assets.xcassets */; };
		EDFE496D22059137005FD029 /* LaunchScreen.storyboard in Resources */ = {isa = PBXBuildFile; fileRef = EDFE496B22059137005FD029 /* LaunchScreen.storyboard */; };
		EDFE4976220601E7005FD029 /* NavigationService.swift in Sources */ = {isa = PBXBuildFile; fileRef = EDFE4975220601E7005FD029 /* NavigationService.swift */; };
		EDFE497922060271005FD029 /* UIStoryboard+Extensions.swift in Sources */ = {isa = PBXBuildFile; fileRef = EDFE497822060271005FD029 /* UIStoryboard+Extensions.swift */; };
		EDFE497B22060305005FD029 /* String+Extensions.swift in Sources */ = {isa = PBXBuildFile; fileRef = EDFE497A22060305005FD029 /* String+Extensions.swift */; };
		EDFE498022060400005FD029 /* ConfigurableController.swift in Sources */ = {isa = PBXBuildFile; fileRef = EDFE497F22060400005FD029 /* ConfigurableController.swift */; };
		EDFE49842206044A005FD029 /* UIWindow+Extensions.swift in Sources */ = {isa = PBXBuildFile; fileRef = EDFE49832206044A005FD029 /* UIWindow+Extensions.swift */; };
		EDFE4986220605C7005FD029 /* StoryboardIdentifierProtocol.swift in Sources */ = {isa = PBXBuildFile; fileRef = EDFE4985220605C7005FD029 /* StoryboardIdentifierProtocol.swift */; };
		F8D302E46B18F0170BCA370F /* TransactionCell.swift in Sources */ = {isa = PBXBuildFile; fileRef = 3323A86FBB3C2CAF3CEE20D3 /* TransactionCell.swift */; };
		F96E9973D82C09F7473AF89E /* TransactionsViewController.swift in Sources */ = {isa = PBXBuildFile; fileRef = B4768100C9389B2ACBF4DC06 /* TransactionsViewController.swift */; };
/* End PBXBuildFile section */

/* Begin PBXFileReference section */
		043876E4DBA29BDAA1B0378A /* TransactionCell.xib */ = {isa = PBXFileReference; includeInIndex = 1; lastKnownFileType = file.xib; path = TransactionCell.xib; sourceTree = "<group>"; };
		08740D651A2FC608032714F1 /* NavigationService+Converter.swift */ = {isa = PBXFileReference; includeInIndex = 1; lastKnownFileType = sourcecode.swift; path = "NavigationService+Converter.swift"; sourceTree = "<group>"; };
		0DD954CCAE004EC11B007C33 /* PricesAssembly.swift */ = {isa = PBXFileReference; includeInIndex = 1; lastKnownFileType = sourcecode.swift; path = PricesAssembly.swift; sourceTree = "<group>"; };
		1989CC0CD894ADE3ED7AE0F2 /* Transaction.storyboard */ = {isa = PBXFileReference; includeInIndex = 1; lastKnownFileType = file.storyboard; path = Transaction.storyboard; sourceTree = "<group>"; };
		1D98A72FCBA28BDED6007609 /* TransactionsAssembly.swift */ = {isa = PBXFileReference; includeInIndex = 1; lastKnownFileType = sourcecode.swift; path = TransactionsAssembly.swift; sourceTree = "<group>"; };
		207C928B9A4713C60C103498 /* NavigationService+Prices.swift */ = {isa = PBXFileReference; includeInIndex = 1; lastKnownFileType = sourcecode.swift; path = "NavigationService+Prices.swift"; sourceTree = "<group>"; };
		25553941C4317783B64BB88E /* TransactionsViewModel.swift */ = {isa = PBXFileReference; includeInIndex = 1; lastKnownFileType = sourcecode.swift; path = TransactionsViewModel.swift; sourceTree = "<group>"; };
		267BD20131B4372F08245F6E /* Prices.storyboard */ = {isa = PBXFileReference; includeInIndex = 1; path = Prices.storyboard; sourceTree = "<group>"; };
		2E8438D9CAA961DB03B99BC7 /* NavigationService+Transactions.swift */ = {isa = PBXFileReference; includeInIndex = 1; lastKnownFileType = sourcecode.swift; path = "NavigationService+Transactions.swift"; sourceTree = "<group>"; };
		3323A86FBB3C2CAF3CEE20D3 /* TransactionCell.swift */ = {isa = PBXFileReference; includeInIndex = 1; lastKnownFileType = sourcecode.swift; path = TransactionCell.swift; sourceTree = "<group>"; };
		480FE36D34E2381D13EE2A37 /* NavigationService+Tabbar.swift */ = {isa = PBXFileReference; includeInIndex = 1; lastKnownFileType = sourcecode.swift; path = "NavigationService+Tabbar.swift"; sourceTree = "<group>"; };
		58720DCE644EA0A1BB3F3C8D /* PricesViewModel.swift */ = {isa = PBXFileReference; includeInIndex = 1; lastKnownFileType = sourcecode.swift; path = PricesViewModel.swift; sourceTree = "<group>"; };
		62F8195FEAC3CAC5489615E8 /* TransactionCellViewModel.swift */ = {isa = PBXFileReference; includeInIndex = 1; lastKnownFileType = sourcecode.swift; path = TransactionCellViewModel.swift; sourceTree = "<group>"; };
		6691C8EBA3EE0E406AD5A890 /* TransactionViewModel.swift */ = {isa = PBXFileReference; includeInIndex = 1; lastKnownFileType = sourcecode.swift; path = TransactionViewModel.swift; sourceTree = "<group>"; };
		703820AA48BFBC3952BAF27F /* Tabbar.storyboard */ = {isa = PBXFileReference; includeInIndex = 1; lastKnownFileType = file.storyboard; path = Tabbar.storyboard; sourceTree = "<group>"; };
		76050685E98E8588084B705F /* Pods-TestAppRahmet.debug.xcconfig */ = {isa = PBXFileReference; includeInIndex = 1; lastKnownFileType = text.xcconfig; name = "Pods-TestAppRahmet.debug.xcconfig"; path = "Pods/Target Support Files/Pods-TestAppRahmet/Pods-TestAppRahmet.debug.xcconfig"; sourceTree = "<group>"; };
		811FB1AEE250AD26D68641EB /* PricesViewController.swift */ = {isa = PBXFileReference; includeInIndex = 1; lastKnownFileType = sourcecode.swift; path = PricesViewController.swift; sourceTree = "<group>"; };
		877CB5B47AA8F89808C04CB9 /* TransactionViewController.swift */ = {isa = PBXFileReference; includeInIndex = 1; lastKnownFileType = sourcecode.swift; path = TransactionViewController.swift; sourceTree = "<group>"; };
		A2611E443AB6F3AF4A917699 /* Pods_TestAppRahmet.framework */ = {isa = PBXFileReference; explicitFileType = wrapper.framework; includeInIndex = 0; path = Pods_TestAppRahmet.framework; sourceTree = BUILT_PRODUCTS_DIR; };
		A5F7DBD2E140502B558D1F50 /* TabbarViewModel.swift */ = {isa = PBXFileReference; includeInIndex = 1; lastKnownFileType = sourcecode.swift; path = TabbarViewModel.swift; sourceTree = "<group>"; };
		A6C41D009E9ED629639508C7 /* ConverterViewController.swift */ = {isa = PBXFileReference; includeInIndex = 1; lastKnownFileType = sourcecode.swift; path = ConverterViewController.swift; sourceTree = "<group>"; };
		B4768100C9389B2ACBF4DC06 /* TransactionsViewController.swift */ = {isa = PBXFileReference; includeInIndex = 1; lastKnownFileType = sourcecode.swift; path = TransactionsViewController.swift; sourceTree = "<group>"; };
		B6E615943514A441A27D1E53 /* ConverterViewModel.swift */ = {isa = PBXFileReference; includeInIndex = 1; lastKnownFileType = sourcecode.swift; path = ConverterViewModel.swift; sourceTree = "<group>"; };
		BD71BC3452D9A09ED9918D00 /* TabbarAssembly.swift */ = {isa = PBXFileReference; includeInIndex = 1; lastKnownFileType = sourcecode.swift; path = TabbarAssembly.swift; sourceTree = "<group>"; };
		BFFB5284BFD3C9F4DF64624F /* Transactions.storyboard */ = {isa = PBXFileReference; includeInIndex = 1; lastKnownFileType = file.storyboard; path = Transactions.storyboard; sourceTree = "<group>"; };
		C04FEAE8F418DC929FDF071D /* Pods-TestAppRahmet.release.xcconfig */ = {isa = PBXFileReference; includeInIndex = 1; lastKnownFileType = text.xcconfig; name = "Pods-TestAppRahmet.release.xcconfig"; path = "Pods/Target Support Files/Pods-TestAppRahmet/Pods-TestAppRahmet.release.xcconfig"; sourceTree = "<group>"; };
		C2EB7E7BEFA4BD28A667A622 /* TransactionAssembly.swift */ = {isa = PBXFileReference; includeInIndex = 1; lastKnownFileType = sourcecode.swift; path = TransactionAssembly.swift; sourceTree = "<group>"; };
		D2EC9E0581A8C922552127DA /* TabbarViewController.swift */ = {isa = PBXFileReference; includeInIndex = 1; lastKnownFileType = sourcecode.swift; path = TabbarViewController.swift; sourceTree = "<group>"; };
		ED8B666B2206091300CAE528 /* UIViewController+Extensions.swift */ = {isa = PBXFileReference; lastKnownFileType = sourcecode.swift; path = "UIViewController+Extensions.swift"; sourceTree = "<group>"; };
		ED8B666F220610E000CAE528 /* Transport.swift */ = {isa = PBXFileReference; lastKnownFileType = sourcecode.swift; path = Transport.swift; sourceTree = "<group>"; };
		ED8B66712206112A00CAE528 /* Serializer.swift */ = {isa = PBXFileReference; lastKnownFileType = sourcecode.swift; path = Serializer.swift; sourceTree = "<group>"; };
		ED8B66742206116900CAE528 /* NetworkError.swift */ = {isa = PBXFileReference; lastKnownFileType = sourcecode.swift; path = NetworkError.swift; sourceTree = "<group>"; };
		ED8B6677220611FB00CAE528 /* Rx+Alamofire.swift */ = {isa = PBXFileReference; lastKnownFileType = sourcecode.swift; path = "Rx+Alamofire.swift"; sourceTree = "<group>"; };
		ED8B667A220612B200CAE528 /* BitcoinHistory.swift */ = {isa = PBXFileReference; lastKnownFileType = sourcecode.swift; path = BitcoinHistory.swift; sourceTree = "<group>"; };
		ED8B667C2206132600CAE528 /* BitcoinTime.swift */ = {isa = PBXFileReference; lastKnownFileType = sourcecode.swift; path = BitcoinTime.swift; sourceTree = "<group>"; };
		ED8B667F2206190400CAE528 /* BaseRouter.swift */ = {isa = PBXFileReference; lastKnownFileType = sourcecode.swift; path = BaseRouter.swift; sourceTree = "<group>"; };
		ED8B66812206196300CAE528 /* BitcoinRouter.swift */ = {isa = PBXFileReference; lastKnownFileType = sourcecode.swift; path = BitcoinRouter.swift; sourceTree = "<group>"; };
		ED8B66872206CB7A00CAE528 /* Localizable.strings */ = {isa = PBXFileReference; lastKnownFileType = text.plist.strings; path = Localizable.strings; sourceTree = "<group>"; };
		ED8B66892206CC0000CAE528 /* String+Localize.swift */ = {isa = PBXFileReference; lastKnownFileType = sourcecode.swift; path = "String+Localize.swift"; sourceTree = "<group>"; };
		ED8B668D2206CE3700CAE528 /* Launcher.swift */ = {isa = PBXFileReference; lastKnownFileType = sourcecode.swift; path = Launcher.swift; sourceTree = "<group>"; };
		ED8B66902206D18500CAE528 /* UINavigationController+Extensions.swift */ = {isa = PBXFileReference; lastKnownFileType = sourcecode.swift; path = "UINavigationController+Extensions.swift"; sourceTree = "<group>"; };
		ED8B66932206DDA700CAE528 /* TransactionRouter.swift */ = {isa = PBXFileReference; lastKnownFileType = sourcecode.swift; path = TransactionRouter.swift; sourceTree = "<group>"; };
		ED8B66962206DE4A00CAE528 /* TransactionService.swift */ = {isa = PBXFileReference; lastKnownFileType = sourcecode.swift; path = TransactionService.swift; sourceTree = "<group>"; };
		ED8B66982206DE8D00CAE528 /* Transaction.swift */ = {isa = PBXFileReference; lastKnownFileType = sourcecode.swift; path = Transaction.swift; sourceTree = "<group>"; };
		ED8B669A2206E3DB00CAE528 /* Date+Extensions.swift */ = {isa = PBXFileReference; lastKnownFileType = sourcecode.swift; path = "Date+Extensions.swift"; sourceTree = "<group>"; };
		ED8B669C2206E83900CAE528 /* UITableView+Extensions.swift */ = {isa = PBXFileReference; lastKnownFileType = sourcecode.swift; path = "UITableView+Extensions.swift"; sourceTree = "<group>"; };
		ED8B669E2207243000CAE528 /* RefreshableView.swift */ = {isa = PBXFileReference; lastKnownFileType = sourcecode.swift; path = RefreshableView.swift; sourceTree = "<group>"; };
		ED8B66A122072D1600CAE528 /* BitcoinService.swift */ = {isa = PBXFileReference; lastKnownFileType = sourcecode.swift; path = BitcoinService.swift; sourceTree = "<group>"; };
		ED8B66A322072D4B00CAE528 /* BitcoinPrice.swift */ = {isa = PBXFileReference; lastKnownFileType = sourcecode.swift; path = BitcoinPrice.swift; sourceTree = "<group>"; };
		ED8B66A522073AA200CAE528 /* Double+Extensions.swift */ = {isa = PBXFileReference; lastKnownFileType = sourcecode.swift; path = "Double+Extensions.swift"; sourceTree = "<group>"; };
		ED8B66A722073E8700CAE528 /* UISegmentedControl.swift */ = {isa = PBXFileReference; lastKnownFileType = sourcecode.swift; path = UISegmentedControl.swift; sourceTree = "<group>"; };
		EDFE495F22059135005FD029 /* TestAppRahmet.app */ = {isa = PBXFileReference; explicitFileType = wrapper.application; includeInIndex = 0; path = TestAppRahmet.app; sourceTree = BUILT_PRODUCTS_DIR; };
		EDFE496222059135005FD029 /* AppDelegate.swift */ = {isa = PBXFileReference; lastKnownFileType = sourcecode.swift; path = AppDelegate.swift; sourceTree = "<group>"; };
		EDFE496922059137005FD029 /* Assets.xcassets */ = {isa = PBXFileReference; lastKnownFileType = folder.assetcatalog; path = Assets.xcassets; sourceTree = "<group>"; };
		EDFE496C22059137005FD029 /* Base */ = {isa = PBXFileReference; lastKnownFileType = file.storyboard; name = Base; path = Base.lproj/LaunchScreen.storyboard; sourceTree = "<group>"; };
		EDFE496E22059137005FD029 /* Info.plist */ = {isa = PBXFileReference; lastKnownFileType = text.plist.xml; path = Info.plist; sourceTree = "<group>"; };
		EDFE4975220601E7005FD029 /* NavigationService.swift */ = {isa = PBXFileReference; lastKnownFileType = sourcecode.swift; path = NavigationService.swift; sourceTree = "<group>"; };
		EDFE497822060271005FD029 /* UIStoryboard+Extensions.swift */ = {isa = PBXFileReference; lastKnownFileType = sourcecode.swift; path = "UIStoryboard+Extensions.swift"; sourceTree = "<group>"; };
		EDFE497A22060305005FD029 /* String+Extensions.swift */ = {isa = PBXFileReference; lastKnownFileType = sourcecode.swift; path = "String+Extensions.swift"; sourceTree = "<group>"; };
		EDFE497F22060400005FD029 /* ConfigurableController.swift */ = {isa = PBXFileReference; lastKnownFileType = sourcecode.swift; path = ConfigurableController.swift; sourceTree = "<group>"; };
		EDFE49832206044A005FD029 /* UIWindow+Extensions.swift */ = {isa = PBXFileReference; lastKnownFileType = sourcecode.swift; path = "UIWindow+Extensions.swift"; sourceTree = "<group>"; };
		EDFE4985220605C7005FD029 /* StoryboardIdentifierProtocol.swift */ = {isa = PBXFileReference; lastKnownFileType = sourcecode.swift; path = StoryboardIdentifierProtocol.swift; sourceTree = "<group>"; };
		EE139F8A2C089E58B7E72E78 /* ConverterAssembly.swift */ = {isa = PBXFileReference; includeInIndex = 1; lastKnownFileType = sourcecode.swift; path = ConverterAssembly.swift; sourceTree = "<group>"; };
		F80FDB6A46B939C18CC52CD1 /* Converter.storyboard */ = {isa = PBXFileReference; includeInIndex = 1; lastKnownFileType = file.storyboard; path = Converter.storyboard; sourceTree = "<group>"; };
		FC93DE3D087EB85B250C1DBA /* NavigationService+Transaction.swift */ = {isa = PBXFileReference; includeInIndex = 1; lastKnownFileType = sourcecode.swift; path = "NavigationService+Transaction.swift"; sourceTree = "<group>"; };
/* End PBXFileReference section */

/* Begin PBXFrameworksBuildPhase section */
		EDFE495C22059135005FD029 /* Frameworks */ = {
			isa = PBXFrameworksBuildPhase;
			buildActionMask = 2147483647;
			files = (
				91FC409F3BADB87DF0ABE2D7 /* Pods_TestAppRahmet.framework in Frameworks */,
			);
			runOnlyForDeploymentPostprocessing = 0;
		};
/* End PBXFrameworksBuildPhase section */

/* Begin PBXGroup section */
		126246270B44C3B3BEB5FEF6 /* ViewModel */ = {
			isa = PBXGroup;
			children = (
				6691C8EBA3EE0E406AD5A890 /* TransactionViewModel.swift */,
			);
			path = ViewModel;
			sourceTree = "<group>";
		};
		1C94C1ACBC54735204B3C547 /* Tabbar */ = {
			isa = PBXGroup;
			children = (
				4B32125736EBA1D40EB5C018 /* Assembly */,
				F08C0C8FF49D7A743076A9EC /* View */,
				4400ABCEC9B08AB549511B29 /* ViewModel */,
			);
			path = Tabbar;
			sourceTree = "<group>";
		};
		258E28F905E0CBBBEFE647B8 /* Assembly */ = {
			isa = PBXGroup;
			children = (
				EE139F8A2C089E58B7E72E78 /* ConverterAssembly.swift */,
				08740D651A2FC608032714F1 /* NavigationService+Converter.swift */,
			);
			path = Assembly;
			sourceTree = "<group>";
		};
		2ADA1EE6D2D62411889FC500 /* Presentation */ = {
			isa = PBXGroup;
			children = (
				1C94C1ACBC54735204B3C547 /* Tabbar */,
				6DDBFF0AB6F9F4E319CD6DAA /* Transactions */,
				2D29E651CF97876F283B9EEC /* Transaction */,
				8AA754E0B8FA6084B1012743 /* Converter */,
				656C582747CD85AA444CE62C /* Prices */,
			);
			path = Presentation;
			sourceTree = "<group>";
		};
		2D29E651CF97876F283B9EEC /* Transaction */ = {
			isa = PBXGroup;
			children = (
				92ED0A2BACD02761A0358B38 /* Assembly */,
				86CDA9585D575AE2A73E6A8D /* View */,
				126246270B44C3B3BEB5FEF6 /* ViewModel */,
			);
			path = Transaction;
			sourceTree = "<group>";
		};
		433A219EA25F2CCAF5D5E5F5 /* Pods */ = {
			isa = PBXGroup;
			children = (
				76050685E98E8588084B705F /* Pods-TestAppRahmet.debug.xcconfig */,
				C04FEAE8F418DC929FDF071D /* Pods-TestAppRahmet.release.xcconfig */,
			);
			name = Pods;
			sourceTree = "<group>";
		};
		4400ABCEC9B08AB549511B29 /* ViewModel */ = {
			isa = PBXGroup;
			children = (
				A5F7DBD2E140502B558D1F50 /* TabbarViewModel.swift */,
			);
			path = ViewModel;
			sourceTree = "<group>";
		};
		44CD41F3B586AD374E07C337 /* Assembly */ = {
			isa = PBXGroup;
			children = (
				0DD954CCAE004EC11B007C33 /* PricesAssembly.swift */,
				207C928B9A4713C60C103498 /* NavigationService+Prices.swift */,
			);
			name = Assembly;
			path = Assembly;
			sourceTree = "<group>";
		};
		4B32125736EBA1D40EB5C018 /* Assembly */ = {
			isa = PBXGroup;
			children = (
				BD71BC3452D9A09ED9918D00 /* TabbarAssembly.swift */,
				480FE36D34E2381D13EE2A37 /* NavigationService+Tabbar.swift */,
			);
			path = Assembly;
			sourceTree = "<group>";
		};
		4E40E1C15225A37CAC131613 /* TransactionCell */ = {
			isa = PBXGroup;
			children = (
				3323A86FBB3C2CAF3CEE20D3 /* TransactionCell.swift */,
				62F8195FEAC3CAC5489615E8 /* TransactionCellViewModel.swift */,
				043876E4DBA29BDAA1B0378A /* TransactionCell.xib */,
			);
			path = TransactionCell;
			sourceTree = "<group>";
		};
		5E33B856E2AF6B84387D47A4 /* ViewModel */ = {
			isa = PBXGroup;
			children = (
				B6E615943514A441A27D1E53 /* ConverterViewModel.swift */,
			);
			path = ViewModel;
			sourceTree = "<group>";
		};
		656C582747CD85AA444CE62C /* Prices */ = {
			isa = PBXGroup;
			children = (
				44CD41F3B586AD374E07C337 /* Assembly */,
				D4F94E6C84DF989B92F21C1E /* View */,
				FB630021E1D4CD705E0646A7 /* ViewModel */,
			);
			name = Prices;
			path = Prices;
			sourceTree = "<group>";
		};
		6DDBFF0AB6F9F4E319CD6DAA /* Transactions */ = {
			isa = PBXGroup;
			children = (
				9556CC8680CA8A4DCAFB1EC4 /* Assembly */,
				8862EC11C20C877717FBFCD0 /* View */,
				C57876AFAE3326070642509F /* ViewModel */,
			);
			path = Transactions;
			sourceTree = "<group>";
		};
		86CDA9585D575AE2A73E6A8D /* View */ = {
			isa = PBXGroup;
			children = (
				877CB5B47AA8F89808C04CB9 /* TransactionViewController.swift */,
				1989CC0CD894ADE3ED7AE0F2 /* Transaction.storyboard */,
			);
			path = View;
			sourceTree = "<group>";
		};
		8862EC11C20C877717FBFCD0 /* View */ = {
			isa = PBXGroup;
			children = (
				B4768100C9389B2ACBF4DC06 /* TransactionsViewController.swift */,
				BFFB5284BFD3C9F4DF64624F /* Transactions.storyboard */,
			);
			path = View;
			sourceTree = "<group>";
		};
		8AA754E0B8FA6084B1012743 /* Converter */ = {
			isa = PBXGroup;
			children = (
				258E28F905E0CBBBEFE647B8 /* Assembly */,
				E8D63054BFAB28ECFB4E3F33 /* View */,
				5E33B856E2AF6B84387D47A4 /* ViewModel */,
			);
			path = Converter;
			sourceTree = "<group>";
		};
		92ED0A2BACD02761A0358B38 /* Assembly */ = {
			isa = PBXGroup;
			children = (
				C2EB7E7BEFA4BD28A667A622 /* TransactionAssembly.swift */,
				FC93DE3D087EB85B250C1DBA /* NavigationService+Transaction.swift */,
			);
			path = Assembly;
			sourceTree = "<group>";
		};
		9556CC8680CA8A4DCAFB1EC4 /* Assembly */ = {
			isa = PBXGroup;
			children = (
				1D98A72FCBA28BDED6007609 /* TransactionsAssembly.swift */,
				2E8438D9CAA961DB03B99BC7 /* NavigationService+Transactions.swift */,
			);
			path = Assembly;
			sourceTree = "<group>";
		};
		B601ADC3F105CEED49D2F8B9 /* Frameworks */ = {
			isa = PBXGroup;
			children = (
				A2611E443AB6F3AF4A917699 /* Pods_TestAppRahmet.framework */,
			);
			name = Frameworks;
			sourceTree = "<group>";
		};
		C57876AFAE3326070642509F /* ViewModel */ = {
			isa = PBXGroup;
			children = (
				25553941C4317783B64BB88E /* TransactionsViewModel.swift */,
			);
			path = ViewModel;
			sourceTree = "<group>";
		};
		D4F94E6C84DF989B92F21C1E /* View */ = {
			isa = PBXGroup;
			children = (
				811FB1AEE250AD26D68641EB /* PricesViewController.swift */,
				267BD20131B4372F08245F6E /* Prices.storyboard */,
			);
			name = View;
			path = View;
			sourceTree = "<group>";
		};
		E8D63054BFAB28ECFB4E3F33 /* View */ = {
			isa = PBXGroup;
			children = (
				A6C41D009E9ED629639508C7 /* ConverterViewController.swift */,
				F80FDB6A46B939C18CC52CD1 /* Converter.storyboard */,
			);
			path = View;
			sourceTree = "<group>";
		};
		ED8B666E220610CE00CAE528 /* Network */ = {
			isa = PBXGroup;
			children = (
				ED8B666F220610E000CAE528 /* Transport.swift */,
				ED8B66712206112A00CAE528 /* Serializer.swift */,
				ED8B66732206115C00CAE528 /* Response */,
				ED8B667E220618D700CAE528 /* Requests */,
			);
			path = Network;
			sourceTree = "<group>";
		};
		ED8B66732206115C00CAE528 /* Response */ = {
			isa = PBXGroup;
			children = (
				ED8B66742206116900CAE528 /* NetworkError.swift */,
			);
			path = Response;
			sourceTree = "<group>";
		};
		ED8B6676220611EC00CAE528 /* Rx+Alamofire */ = {
			isa = PBXGroup;
			children = (
				ED8B6677220611FB00CAE528 /* Rx+Alamofire.swift */,
			);
			path = "Rx+Alamofire";
			sourceTree = "<group>";
		};
		ED8B66792206122100CAE528 /* Models */ = {
			isa = PBXGroup;
			children = (
				ED8B667A220612B200CAE528 /* BitcoinHistory.swift */,
				ED8B667C2206132600CAE528 /* BitcoinTime.swift */,
				ED8B66982206DE8D00CAE528 /* Transaction.swift */,
				ED8B66A322072D4B00CAE528 /* BitcoinPrice.swift */,
			);
			path = Models;
			sourceTree = "<group>";
		};
		ED8B667E220618D700CAE528 /* Requests */ = {
			isa = PBXGroup;
			children = (
				ED8B667F2206190400CAE528 /* BaseRouter.swift */,
				ED8B66812206196300CAE528 /* BitcoinRouter.swift */,
				ED8B66932206DDA700CAE528 /* TransactionRouter.swift */,
			);
			path = Requests;
			sourceTree = "<group>";
		};
		ED8B66832206CB2B00CAE528 /* Resources */ = {
			isa = PBXGroup;
			children = (
				ED8B66842206CB3A00CAE528 /* Localization */,
				EDFE496922059137005FD029 /* Assets.xcassets */,
			);
			path = Resources;
			sourceTree = "<group>";
		};
		ED8B66842206CB3A00CAE528 /* Localization */ = {
			isa = PBXGroup;
			children = (
				ED8B66872206CB7A00CAE528 /* Localizable.strings */,
				ED8B66892206CC0000CAE528 /* String+Localize.swift */,
			);
			path = Localization;
			sourceTree = "<group>";
		};
		ED8B668B2206CE2500CAE528 /* Navigation */ = {
			isa = PBXGroup;
			children = (
				EDFE4975220601E7005FD029 /* NavigationService.swift */,
			);
			path = Navigation;
			sourceTree = "<group>";
		};
		ED8B668C2206CE2C00CAE528 /* Launcher */ = {
			isa = PBXGroup;
			children = (
				ED8B668D2206CE3700CAE528 /* Launcher.swift */,
			);
			path = Launcher;
			sourceTree = "<group>";
		};
		ED8B66922206D8D600CAE528 /* Cells */ = {
			isa = PBXGroup;
			children = (
				4E40E1C15225A37CAC131613 /* TransactionCell */,
			);
			path = Cells;
			sourceTree = "<group>";
		};
		ED8B66952206DE3B00CAE528 /* Transaction */ = {
			isa = PBXGroup;
			children = (
				ED8B66962206DE4A00CAE528 /* TransactionService.swift */,
			);
			path = Transaction;
			sourceTree = "<group>";
		};
		ED8B66A022072D0400CAE528 /* BitcoinService */ = {
			isa = PBXGroup;
			children = (
				ED8B66A122072D1600CAE528 /* BitcoinService.swift */,
			);
			path = BitcoinService;
			sourceTree = "<group>";
		};
		EDFE495622059135005FD029 = {
			isa = PBXGroup;
			children = (
				EDFE496122059135005FD029 /* TestAppRahmet */,
				EDFE496022059135005FD029 /* Products */,
				433A219EA25F2CCAF5D5E5F5 /* Pods */,
				B601ADC3F105CEED49D2F8B9 /* Frameworks */,
			);
			sourceTree = "<group>";
		};
		EDFE496022059135005FD029 /* Products */ = {
			isa = PBXGroup;
			children = (
				EDFE495F22059135005FD029 /* TestAppRahmet.app */,
			);
			name = Products;
			sourceTree = "<group>";
		};
		EDFE496122059135005FD029 /* TestAppRahmet */ = {
			isa = PBXGroup;
			children = (
				EDFE496222059135005FD029 /* AppDelegate.swift */,
				ED8B66922206D8D600CAE528 /* Cells */,
				ED8B66792206122100CAE528 /* Models */,
				EDFE497722060210005FD029 /* Extensions */,
				ED8B666E220610CE00CAE528 /* Network */,
				2ADA1EE6D2D62411889FC500 /* Presentation */,
				EDFE497C220603BD005FD029 /* Protocols */,
				ED8B66832206CB2B00CAE528 /* Resources */,
				EDFE4974220601D6005FD029 /* Services */,
				EDFE496B22059137005FD029 /* LaunchScreen.storyboard */,
				EDFE496E22059137005FD029 /* Info.plist */,
			);
			path = TestAppRahmet;
			sourceTree = "<group>";
		};
		EDFE4974220601D6005FD029 /* Services */ = {
			isa = PBXGroup;
			children = (
				ED8B66A022072D0400CAE528 /* BitcoinService */,
				ED8B66952206DE3B00CAE528 /* Transaction */,
				ED8B668C2206CE2C00CAE528 /* Launcher */,
				ED8B668B2206CE2500CAE528 /* Navigation */,
			);
			path = Services;
			sourceTree = "<group>";
		};
		EDFE497722060210005FD029 /* Extensions */ = {
			isa = PBXGroup;
			children = (
				ED8B6676220611EC00CAE528 /* Rx+Alamofire */,
				EDFE49822206041F005FD029 /* Foundation */,
				EDFE498122060412005FD029 /* UIKIt */,
			);
			path = Extensions;
			sourceTree = "<group>";
		};
		EDFE497C220603BD005FD029 /* Protocols */ = {
			isa = PBXGroup;
			children = (
				EDFE497F22060400005FD029 /* ConfigurableController.swift */,
				EDFE4985220605C7005FD029 /* StoryboardIdentifierProtocol.swift */,
				ED8B669E2207243000CAE528 /* RefreshableView.swift */,
			);
			path = Protocols;
			sourceTree = "<group>";
		};
		EDFE498122060412005FD029 /* UIKIt */ = {
			isa = PBXGroup;
			children = (
				EDFE497822060271005FD029 /* UIStoryboard+Extensions.swift */,
				EDFE49832206044A005FD029 /* UIWindow+Extensions.swift */,
				ED8B666B2206091300CAE528 /* UIViewController+Extensions.swift */,
				ED8B66902206D18500CAE528 /* UINavigationController+Extensions.swift */,
				ED8B669C2206E83900CAE528 /* UITableView+Extensions.swift */,
				ED8B66A722073E8700CAE528 /* UISegmentedControl.swift */,
			);
			path = UIKIt;
			sourceTree = "<group>";
		};
		EDFE49822206041F005FD029 /* Foundation */ = {
			isa = PBXGroup;
			children = (
				EDFE497A22060305005FD029 /* String+Extensions.swift */,
				ED8B669A2206E3DB00CAE528 /* Date+Extensions.swift */,
				ED8B66A522073AA200CAE528 /* Double+Extensions.swift */,
			);
			path = Foundation;
			sourceTree = "<group>";
		};
		F08C0C8FF49D7A743076A9EC /* View */ = {
			isa = PBXGroup;
			children = (
				D2EC9E0581A8C922552127DA /* TabbarViewController.swift */,
				703820AA48BFBC3952BAF27F /* Tabbar.storyboard */,
			);
			path = View;
			sourceTree = "<group>";
		};
		FB630021E1D4CD705E0646A7 /* ViewModel */ = {
			isa = PBXGroup;
			children = (
				58720DCE644EA0A1BB3F3C8D /* PricesViewModel.swift */,
			);
			name = ViewModel;
			path = ViewModel;
			sourceTree = "<group>";
		};
/* End PBXGroup section */

/* Begin PBXNativeTarget section */
		EDFE495E22059135005FD029 /* TestAppRahmet */ = {
			isa = PBXNativeTarget;
			buildConfigurationList = EDFE497122059137005FD029 /* Build configuration list for PBXNativeTarget "TestAppRahmet" */;
			buildPhases = (
				2E35B3F925EC8C9E485488FD /* [CP] Check Pods Manifest.lock */,
				EDFE495B22059135005FD029 /* Sources */,
				EDFE495C22059135005FD029 /* Frameworks */,
				EDFE495D22059135005FD029 /* Resources */,
				95246C4F701262E21FC7DB76 /* [CP] Embed Pods Frameworks */,
				ED8B666D22060F7600CAE528 /* ShellScript */,
			);
			buildRules = (
			);
			dependencies = (
			);
			name = TestAppRahmet;
			productName = TestAppRahmet;
			productReference = EDFE495F22059135005FD029 /* TestAppRahmet.app */;
			productType = "com.apple.product-type.application";
		};
/* End PBXNativeTarget section */

/* Begin PBXProject section */
		EDFE495722059135005FD029 /* Project object */ = {
			isa = PBXProject;
			attributes = {
				LastSwiftUpdateCheck = 1010;
				LastUpgradeCheck = 1010;
				ORGANIZATIONNAME = "Ulan Nurmamatov";
				TargetAttributes = {
					EDFE495E22059135005FD029 = {
						CreatedOnToolsVersion = 10.1;
						ProvisioningStyle = Automatic;
					};
				};
			};
			buildConfigurationList = EDFE495A22059135005FD029 /* Build configuration list for PBXProject "TestAppRahmet" */;
			compatibilityVersion = "Xcode 8.0";
			developmentRegion = en;
			hasScannedForEncodings = 0;
			knownRegions = (
				en,
				Base,
			);
			mainGroup = EDFE495622059135005FD029;
			productRefGroup = EDFE496022059135005FD029 /* Products */;
			projectDirPath = "";
			projectRoot = "";
			targets = (
				EDFE495E22059135005FD029 /* TestAppRahmet */,
			);
		};
/* End PBXProject section */

/* Begin PBXResourcesBuildPhase section */
		EDFE495D22059135005FD029 /* Resources */ = {
			isa = PBXResourcesBuildPhase;
			buildActionMask = 2147483647;
			files = (
				EDFE496D22059137005FD029 /* LaunchScreen.storyboard in Resources */,
				ED8B66882206CB7A00CAE528 /* Localizable.strings in Resources */,
				EDFE496A22059137005FD029 /* Assets.xcassets in Resources */,
				459F3A38ADAC14D4BC878D3F /* Tabbar.storyboard in Resources */,
				309E89505FFEB81882EC79DC /* Transactions.storyboard in Resources */,
				A96A36F5581EBB922525A501 /* TransactionCell.xib in Resources */,
				DB0C92C46616A6CDB855FFE0 /* Transaction.storyboard in Resources */,
				D38F405052A019E04961315C /* Converter.storyboard in Resources */,
				D45AFF9BC8E203CDF27294D7 /* Prices.storyboard in Resources */,
			);
			runOnlyForDeploymentPostprocessing = 0;
		};
/* End PBXResourcesBuildPhase section */

/* Begin PBXShellScriptBuildPhase section */
		2E35B3F925EC8C9E485488FD /* [CP] Check Pods Manifest.lock */ = {
			isa = PBXShellScriptBuildPhase;
			buildActionMask = 2147483647;
			files = (
			);
			inputPaths = (
				"${PODS_PODFILE_DIR_PATH}/Podfile.lock",
				"${PODS_ROOT}/Manifest.lock",
			);
			name = "[CP] Check Pods Manifest.lock";
			outputPaths = (
				"$(DERIVED_FILE_DIR)/Pods-TestAppRahmet-checkManifestLockResult.txt",
			);
			runOnlyForDeploymentPostprocessing = 0;
			shellPath = /bin/sh;
			shellScript = "diff \"${PODS_PODFILE_DIR_PATH}/Podfile.lock\" \"${PODS_ROOT}/Manifest.lock\" > /dev/null\nif [ $? != 0 ] ; then\n    # print error to STDERR\n    echo \"error: The sandbox is not in sync with the Podfile.lock. Run 'pod install' or update your CocoaPods installation.\" >&2\n    exit 1\nfi\n# This output is used by Xcode 'outputs' to avoid re-running this script phase.\necho \"SUCCESS\" > \"${SCRIPT_OUTPUT_FILE_0}\"\n";
			showEnvVarsInLog = 0;
		};
		95246C4F701262E21FC7DB76 /* [CP] Embed Pods Frameworks */ = {
			isa = PBXShellScriptBuildPhase;
			buildActionMask = 2147483647;
			files = (
			);
			inputPaths = (
				"${SRCROOT}/Pods/Target Support Files/Pods-TestAppRahmet/Pods-TestAppRahmet-frameworks.sh",
				"${BUILT_PRODUCTS_DIR}/Alamofire/Alamofire.framework",
				"${BUILT_PRODUCTS_DIR}/Charts/Charts.framework",
				"${BUILT_PRODUCTS_DIR}/ObjectMapper/ObjectMapper.framework",
				"${BUILT_PRODUCTS_DIR}/RxAtomic/RxAtomic.framework",
				"${BUILT_PRODUCTS_DIR}/RxCocoa/RxCocoa.framework",
				"${BUILT_PRODUCTS_DIR}/RxSwift/RxSwift.framework",
				"${BUILT_PRODUCTS_DIR}/TableKit/TableKit.framework",
			);
			name = "[CP] Embed Pods Frameworks";
			outputPaths = (
				"${TARGET_BUILD_DIR}/${FRAMEWORKS_FOLDER_PATH}/Alamofire.framework",
				"${TARGET_BUILD_DIR}/${FRAMEWORKS_FOLDER_PATH}/Charts.framework",
				"${TARGET_BUILD_DIR}/${FRAMEWORKS_FOLDER_PATH}/ObjectMapper.framework",
				"${TARGET_BUILD_DIR}/${FRAMEWORKS_FOLDER_PATH}/RxAtomic.framework",
				"${TARGET_BUILD_DIR}/${FRAMEWORKS_FOLDER_PATH}/RxCocoa.framework",
				"${TARGET_BUILD_DIR}/${FRAMEWORKS_FOLDER_PATH}/RxSwift.framework",
				"${TARGET_BUILD_DIR}/${FRAMEWORKS_FOLDER_PATH}/TableKit.framework",
			);
			runOnlyForDeploymentPostprocessing = 0;
			shellPath = /bin/sh;
			shellScript = "\"${SRCROOT}/Pods/Target Support Files/Pods-TestAppRahmet/Pods-TestAppRahmet-frameworks.sh\"\n";
			showEnvVarsInLog = 0;
		};
		ED8B666D22060F7600CAE528 /* ShellScript */ = {
			isa = PBXShellScriptBuildPhase;
			buildActionMask = 2147483647;
			files = (
			);
			inputPaths = (
			);
			outputPaths = (
			);
			runOnlyForDeploymentPostprocessing = 0;
			shellPath = /bin/sh;
			shellScript = "if which swiftlint >/dev/null; then\nswiftlint\nelse\necho \"warning: SwiftLint not installed, download from https://github.com/realm/SwiftLint\"\nfi\n";
		};
/* End PBXShellScriptBuildPhase section */

/* Begin PBXSourcesBuildPhase section */
		EDFE495B22059135005FD029 /* Sources */ = {
			isa = PBXSourcesBuildPhase;
			buildActionMask = 2147483647;
			files = (
				EDFE496322059135005FD029 /* AppDelegate.swift in Sources */,
				ED8B66A422072D4B00CAE528 /* BitcoinPrice.swift in Sources */,
				EDFE4976220601E7005FD029 /* NavigationService.swift in Sources */,
				ED8B6678220611FB00CAE528 /* Rx+Alamofire.swift in Sources */,
				ED8B668E2206CE3700CAE528 /* Launcher.swift in Sources */,
				ED8B666C2206091300CAE528 /* UIViewController+Extensions.swift in Sources */,
				ED8B66722206112A00CAE528 /* Serializer.swift in Sources */,
				EDFE4986220605C7005FD029 /* StoryboardIdentifierProtocol.swift in Sources */,
				ED8B667D2206132600CAE528 /* BitcoinTime.swift in Sources */,
				ED8B667B220612B200CAE528 /* BitcoinHistory.swift in Sources */,
				EDFE49842206044A005FD029 /* UIWindow+Extensions.swift in Sources */,
				69109B7ED7F9C4C39833D1E2 /* TabbarAssembly.swift in Sources */,
				ED8B669D2206E83900CAE528 /* UITableView+Extensions.swift in Sources */,
				6B723029CC35C3CB27F2D93D /* NavigationService+Tabbar.swift in Sources */,
				EDFE498022060400005FD029 /* ConfigurableController.swift in Sources */,
				ED8B66942206DDA700CAE528 /* TransactionRouter.swift in Sources */,
				ED8B66752206116900CAE528 /* NetworkError.swift in Sources */,
				ED8B66A222072D1600CAE528 /* BitcoinService.swift in Sources */,
				ED8B66802206190400CAE528 /* BaseRouter.swift in Sources */,
				EDFE497B22060305005FD029 /* String+Extensions.swift in Sources */,
				ED8B669F2207243000CAE528 /* RefreshableView.swift in Sources */,
				4AD3466AEC8298535FAB608B /* TabbarViewController.swift in Sources */,
				ED8B66992206DE8D00CAE528 /* Transaction.swift in Sources */,
				9D0F5E562B214852CA8E54E8 /* TabbarViewModel.swift in Sources */,
				ED8B668A2206CC0000CAE528 /* String+Localize.swift in Sources */,
				EDFE497922060271005FD029 /* UIStoryboard+Extensions.swift in Sources */,
				ED8B66972206DE4A00CAE528 /* TransactionService.swift in Sources */,
				ED8B669B2206E3DB00CAE528 /* Date+Extensions.swift in Sources */,
				ED8B6670220610E000CAE528 /* Transport.swift in Sources */,
				ED8B66822206196300CAE528 /* BitcoinRouter.swift in Sources */,
				ED8B66A822073E8700CAE528 /* UISegmentedControl.swift in Sources */,
				ED8B66A622073AA200CAE528 /* Double+Extensions.swift in Sources */,
				E57A65E01C28CAD1DDADDE9D /* TransactionsAssembly.swift in Sources */,
				7A64CA028AE2C38B8B6DB85F /* NavigationService+Transactions.swift in Sources */,
				F96E9973D82C09F7473AF89E /* TransactionsViewController.swift in Sources */,
				ED8B66912206D18500CAE528 /* UINavigationController+Extensions.swift in Sources */,
				4EA5055E8BEDD3EE0B915EF5 /* TransactionsViewModel.swift in Sources */,
				F8D302E46B18F0170BCA370F /* TransactionCell.swift in Sources */,
				D7D9C718F37EDDBAD502AC96 /* TransactionCellViewModel.swift in Sources */,
				7EED7B7C3D41D93BFC87147D /* TransactionAssembly.swift in Sources */,
				4C38A0C61996634EF00BC300 /* NavigationService+Transaction.swift in Sources */,
				9D95E865DE9C492386714BCA /* TransactionViewController.swift in Sources */,
				B226DDD66972FD8FDF38A92C /* TransactionViewModel.swift in Sources */,
				2A6299CCE657C36125FE6F68 /* ConverterAssembly.swift in Sources */,
				79AE8E87BF5497E15DD00266 /* NavigationService+Converter.swift in Sources */,
				8DFA1D50C48E46DC9ED66790 /* ConverterViewController.swift in Sources */,
				4136264957BE7149AA1CFE9A /* ConverterViewModel.swift in Sources */,
				8652CCE088F1D1E856600701 /* PricesAssembly.swift in Sources */,
				80EC0A49116169DA2CA045C2 /* NavigationService+Prices.swift in Sources */,
				751EB2B115A6F9E5E5C93F20 /* PricesViewController.swift in Sources */,
				CB26946AB2809696760604C5 /* PricesViewModel.swift in Sources */,
			);
			runOnlyForDeploymentPostprocessing = 0;
		};
/* End PBXSourcesBuildPhase section */

/* Begin PBXVariantGroup section */
		EDFE496B22059137005FD029 /* LaunchScreen.storyboard */ = {
			isa = PBXVariantGroup;
			children = (
				EDFE496C22059137005FD029 /* Base */,
			);
			name = LaunchScreen.storyboard;
			sourceTree = "<group>";
		};
/* End PBXVariantGroup section */

/* Begin XCBuildConfiguration section */
		EDFE496F22059137005FD029 /* Debug */ = {
			isa = XCBuildConfiguration;
			buildSettings = {
				ALWAYS_SEARCH_USER_PATHS = NO;
				CLANG_ANALYZER_NONNULL = YES;
				CLANG_ANALYZER_NUMBER_OBJECT_CONVERSION = YES_AGGRESSIVE;
				CLANG_CXX_LANGUAGE_STANDARD = "gnu++14";
				CLANG_CXX_LIBRARY = "libc++";
				CLANG_ENABLE_MODULES = YES;
				CLANG_ENABLE_OBJC_ARC = YES;
				CLANG_ENABLE_OBJC_WEAK = YES;
				CLANG_WARN_BLOCK_CAPTURE_AUTORELEASING = YES;
				CLANG_WARN_BOOL_CONVERSION = YES;
				CLANG_WARN_COMMA = YES;
				CLANG_WARN_CONSTANT_CONVERSION = YES;
				CLANG_WARN_DEPRECATED_OBJC_IMPLEMENTATIONS = YES;
				CLANG_WARN_DIRECT_OBJC_ISA_USAGE = YES_ERROR;
				CLANG_WARN_DOCUMENTATION_COMMENTS = YES;
				CLANG_WARN_EMPTY_BODY = YES;
				CLANG_WARN_ENUM_CONVERSION = YES;
				CLANG_WARN_INFINITE_RECURSION = YES;
				CLANG_WARN_INT_CONVERSION = YES;
				CLANG_WARN_NON_LITERAL_NULL_CONVERSION = YES;
				CLANG_WARN_OBJC_IMPLICIT_RETAIN_SELF = YES;
				CLANG_WARN_OBJC_LITERAL_CONVERSION = YES;
				CLANG_WARN_OBJC_ROOT_CLASS = YES_ERROR;
				CLANG_WARN_RANGE_LOOP_ANALYSIS = YES;
				CLANG_WARN_STRICT_PROTOTYPES = YES;
				CLANG_WARN_SUSPICIOUS_MOVE = YES;
				CLANG_WARN_UNGUARDED_AVAILABILITY = YES_AGGRESSIVE;
				CLANG_WARN_UNREACHABLE_CODE = YES;
				CLANG_WARN__DUPLICATE_METHOD_MATCH = YES;
				CODE_SIGN_IDENTITY = "iPhone Developer";
				COPY_PHASE_STRIP = NO;
				DEBUG_INFORMATION_FORMAT = dwarf;
				ENABLE_STRICT_OBJC_MSGSEND = YES;
				ENABLE_TESTABILITY = YES;
				GCC_C_LANGUAGE_STANDARD = gnu11;
				GCC_DYNAMIC_NO_PIC = NO;
				GCC_NO_COMMON_BLOCKS = YES;
				GCC_OPTIMIZATION_LEVEL = 0;
				GCC_PREPROCESSOR_DEFINITIONS = (
					"DEBUG=1",
					"$(inherited)",
				);
				GCC_WARN_64_TO_32_BIT_CONVERSION = YES;
				GCC_WARN_ABOUT_RETURN_TYPE = YES_ERROR;
				GCC_WARN_UNDECLARED_SELECTOR = YES;
				GCC_WARN_UNINITIALIZED_AUTOS = YES_AGGRESSIVE;
				GCC_WARN_UNUSED_FUNCTION = YES;
				GCC_WARN_UNUSED_VARIABLE = YES;
				IPHONEOS_DEPLOYMENT_TARGET = 12.1;
				MTL_ENABLE_DEBUG_INFO = INCLUDE_SOURCE;
				MTL_FAST_MATH = YES;
				ONLY_ACTIVE_ARCH = YES;
				SDKROOT = iphoneos;
				SWIFT_ACTIVE_COMPILATION_CONDITIONS = DEBUG;
				SWIFT_OPTIMIZATION_LEVEL = "-Onone";
			};
			name = Debug;
		};
		EDFE497022059137005FD029 /* Release */ = {
			isa = XCBuildConfiguration;
			buildSettings = {
				ALWAYS_SEARCH_USER_PATHS = NO;
				CLANG_ANALYZER_NONNULL = YES;
				CLANG_ANALYZER_NUMBER_OBJECT_CONVERSION = YES_AGGRESSIVE;
				CLANG_CXX_LANGUAGE_STANDARD = "gnu++14";
				CLANG_CXX_LIBRARY = "libc++";
				CLANG_ENABLE_MODULES = YES;
				CLANG_ENABLE_OBJC_ARC = YES;
				CLANG_ENABLE_OBJC_WEAK = YES;
				CLANG_WARN_BLOCK_CAPTURE_AUTORELEASING = YES;
				CLANG_WARN_BOOL_CONVERSION = YES;
				CLANG_WARN_COMMA = YES;
				CLANG_WARN_CONSTANT_CONVERSION = YES;
				CLANG_WARN_DEPRECATED_OBJC_IMPLEMENTATIONS = YES;
				CLANG_WARN_DIRECT_OBJC_ISA_USAGE = YES_ERROR;
				CLANG_WARN_DOCUMENTATION_COMMENTS = YES;
				CLANG_WARN_EMPTY_BODY = YES;
				CLANG_WARN_ENUM_CONVERSION = YES;
				CLANG_WARN_INFINITE_RECURSION = YES;
				CLANG_WARN_INT_CONVERSION = YES;
				CLANG_WARN_NON_LITERAL_NULL_CONVERSION = YES;
				CLANG_WARN_OBJC_IMPLICIT_RETAIN_SELF = YES;
				CLANG_WARN_OBJC_LITERAL_CONVERSION = YES;
				CLANG_WARN_OBJC_ROOT_CLASS = YES_ERROR;
				CLANG_WARN_RANGE_LOOP_ANALYSIS = YES;
				CLANG_WARN_STRICT_PROTOTYPES = YES;
				CLANG_WARN_SUSPICIOUS_MOVE = YES;
				CLANG_WARN_UNGUARDED_AVAILABILITY = YES_AGGRESSIVE;
				CLANG_WARN_UNREACHABLE_CODE = YES;
				CLANG_WARN__DUPLICATE_METHOD_MATCH = YES;
				CODE_SIGN_IDENTITY = "iPhone Developer";
				COPY_PHASE_STRIP = NO;
				DEBUG_INFORMATION_FORMAT = "dwarf-with-dsym";
				ENABLE_NS_ASSERTIONS = NO;
				ENABLE_STRICT_OBJC_MSGSEND = YES;
				GCC_C_LANGUAGE_STANDARD = gnu11;
				GCC_NO_COMMON_BLOCKS = YES;
				GCC_WARN_64_TO_32_BIT_CONVERSION = YES;
				GCC_WARN_ABOUT_RETURN_TYPE = YES_ERROR;
				GCC_WARN_UNDECLARED_SELECTOR = YES;
				GCC_WARN_UNINITIALIZED_AUTOS = YES_AGGRESSIVE;
				GCC_WARN_UNUSED_FUNCTION = YES;
				GCC_WARN_UNUSED_VARIABLE = YES;
				IPHONEOS_DEPLOYMENT_TARGET = 12.1;
				MTL_ENABLE_DEBUG_INFO = NO;
				MTL_FAST_MATH = YES;
				SDKROOT = iphoneos;
				SWIFT_OPTIMIZATION_LEVEL = "-Owholemodule";
				VALIDATE_PRODUCT = YES;
			};
			name = Release;
		};
		EDFE497222059137005FD029 /* Debug */ = {
			isa = XCBuildConfiguration;
			baseConfigurationReference = 76050685E98E8588084B705F /* Pods-TestAppRahmet.debug.xcconfig */;
			buildSettings = {
				ASSETCATALOG_COMPILER_APPICON_NAME = AppIcon;
				CODE_SIGN_STYLE = Automatic;
				DEVELOPMENT_TEAM = GR23PPY338;
				INFOPLIST_FILE = TestAppRahmet/Info.plist;
				IPHONEOS_DEPLOYMENT_TARGET = 11.0;
				LD_RUNPATH_SEARCH_PATHS = "$(inherited) @executable_path/Frameworks";
				PRODUCT_BUNDLE_IDENTIFIER = com.ulannurmamatov.TestAppRahmet;
				PRODUCT_NAME = "$(TARGET_NAME)";
				SWIFT_VERSION = 4.2;
				TARGETED_DEVICE_FAMILY = 1;
			};
			name = Debug;
		};
		EDFE497322059137005FD029 /* Release */ = {
			isa = XCBuildConfiguration;
			baseConfigurationReference = C04FEAE8F418DC929FDF071D /* Pods-TestAppRahmet.release.xcconfig */;
			buildSettings = {
				ASSETCATALOG_COMPILER_APPICON_NAME = AppIcon;
				CODE_SIGN_STYLE = Automatic;
				DEVELOPMENT_TEAM = GR23PPY338;
				INFOPLIST_FILE = TestAppRahmet/Info.plist;
				IPHONEOS_DEPLOYMENT_TARGET = 11.0;
				LD_RUNPATH_SEARCH_PATHS = "$(inherited) @executable_path/Frameworks";
				PRODUCT_BUNDLE_IDENTIFIER = com.ulannurmamatov.TestAppRahmet;
				PRODUCT_NAME = "$(TARGET_NAME)";
				SWIFT_VERSION = 4.2;
				TARGETED_DEVICE_FAMILY = 1;
			};
			name = Release;
		};
/* End XCBuildConfiguration section */

/* Begin XCConfigurationList section */
		EDFE495A22059135005FD029 /* Build configuration list for PBXProject "TestAppRahmet" */ = {
			isa = XCConfigurationList;
			buildConfigurations = (
				EDFE496F22059137005FD029 /* Debug */,
				EDFE497022059137005FD029 /* Release */,
			);
			defaultConfigurationIsVisible = 0;
			defaultConfigurationName = Release;
		};
		EDFE497122059137005FD029 /* Build configuration list for PBXNativeTarget "TestAppRahmet" */ = {
			isa = XCConfigurationList;
			buildConfigurations = (
				EDFE497222059137005FD029 /* Debug */,
				EDFE497322059137005FD029 /* Release */,
			);
			defaultConfigurationIsVisible = 0;
			defaultConfigurationName = Release;
		};
/* End XCConfigurationList section */
	};
	rootObject = EDFE495722059135005FD029 /* Project object */;
}
